// !$*UTF8*$!
{
	archiveVersion = 1;
	classes = {
	};
	objectVersion = 56;
	objects = {

/* Begin PBXBuildFile section */
		8B7BCF8F2D9DFD3F0089F6D3 /* TrainApp.swift in Sources */ = {isa = PBXBuildFile; fileRef = 8B7BCF8E2D9DFD3F0089F6D3 /* TrainApp.swift */; };
		8B7BCF932D9DFD430089F6D3 /* Assets.xcassets in Resources */ = {isa = PBXBuildFile; fileRef = 8B7BCF922D9DFD430089F6D3 /* Assets.xcassets */; };
		8B7BCF962D9DFD430089F6D3 /* Preview Assets.xcassets in Resources */ = {isa = PBXBuildFile; fileRef = 8B7BCF952D9DFD430089F6D3 /* Preview Assets.xcassets */; };
		8B7BCFBD2DA145110089F6D3 /* CalendarCardViewModel.swift in Sources */ = {isa = PBXBuildFile; fileRef = 8B7BCFB72DA145110089F6D3 /* CalendarCardViewModel.swift */; };
		8B7BCFBE2DA145110089F6D3 /* CalendarCardView.swift in Sources */ = {isa = PBXBuildFile; fileRef = 8B7BCFB92DA145110089F6D3 /* CalendarCardView.swift */; };
		8B7BCFBF2DA145110089F6D3 /* TrainingSession.swift in Sources */ = {isa = PBXBuildFile; fileRef = 8B7BCFBB2DA145110089F6D3 /* TrainingSession.swift */; };
		8B7BCFD82DA145F20089F6D3 /* HealthKitManager.swift in Sources */ = {isa = PBXBuildFile; fileRef = 8B7BCFD72DA145F20089F6D3 /* HealthKitManager.swift */; };
		8B7BCFDF2DA1460F0089F6D3 /* ActiveWorkoutView.swift in Sources */ = {isa = PBXBuildFile; fileRef = 8B7BCFD92DA1460F0089F6D3 /* ActiveWorkoutView.swift */; };
		8B7BCFE02DA1460F0089F6D3 /* ContentView.swift in Sources */ = {isa = PBXBuildFile; fileRef = 8B7BCFDA2DA1460F0089F6D3 /* ContentView.swift */; };
		8B7BCFE12DA1460F0089F6D3 /* WeightInputAccessory.swift in Sources */ = {isa = PBXBuildFile; fileRef = 8B7BCFDB2DA1460F0089F6D3 /* WeightInputAccessory.swift */; };
		8B7BCFE22DA1460F0089F6D3 /* CustomNumberPadView.swift in Sources */ = {isa = PBXBuildFile; fileRef = 8B7BCFDC2DA1460F0089F6D3 /* CustomNumberPadView.swift */; };
		8B7BCFE32DA1460F0089F6D3 /* TrainingView.swift in Sources */ = {isa = PBXBuildFile; fileRef = 8B7BCFDD2DA1460F0089F6D3 /* TrainingView.swift */; };
		8B7BCFE42DA1460F0089F6D3 /* RestTimer.swift in Sources */ = {isa = PBXBuildFile; fileRef = 8B7BCFDE2DA1460F0089F6D3 /* RestTimer.swift */; };
		8B7BCFEC2DA155280089F6D3 /* AppStyle.swift in Sources */ = {isa = PBXBuildFile; fileRef = 8B7BCFEA2DA155280089F6D3 /* AppStyle.swift */; };
		8B7BD0192DA357FB0089F6D3 /* ExerciseSet.swift in Sources */ = {isa = PBXBuildFile; fileRef = 8B7BD0132DA357FA0089F6D3 /* ExerciseSet.swift */; };
		8B7BD01A2DA357FB0089F6D3 /* TrainingPlan.swift in Sources */ = {isa = PBXBuildFile; fileRef = 8B7BD0142DA357FA0089F6D3 /* TrainingPlan.swift */; };
		8B7BD01B2DA357FB0089F6D3 /* Workout.swift in Sources */ = {isa = PBXBuildFile; fileRef = 8B7BD0152DA357FB0089F6D3 /* Workout.swift */; };
		8B7BD01C2DA357FB0089F6D3 /* Exercise.swift in Sources */ = {isa = PBXBuildFile; fileRef = 8B7BD0162DA357FB0089F6D3 /* Exercise.swift */; };
		8B7BD01D2DA357FB0089F6D3 /* MuscleGroup.swift in Sources */ = {isa = PBXBuildFile; fileRef = 8B7BD0172DA357FB0089F6D3 /* MuscleGroup.swift */; };
		8B7BD01E2DA357FB0089F6D3 /* ExerciseInstance.swift in Sources */ = {isa = PBXBuildFile; fileRef = 8B7BD0182DA357FB0089F6D3 /* ExerciseInstance.swift */; };
		8B7BD0222DA35A540089F6D3 /* TrainingDataStore.swift in Sources */ = {isa = PBXBuildFile; fileRef = 8B7BD01F2DA35A540089F6D3 /* TrainingDataStore.swift */; };
		8B7BD0232DA35A540089F6D3 /* TrainingDataRoot.swift in Sources */ = {isa = PBXBuildFile; fileRef = 8B7BD0202DA35A540089F6D3 /* TrainingDataRoot.swift */; };
		8B7BD0242DA35A540089F6D3 /* MockTrainingData.swift in Sources */ = {isa = PBXBuildFile; fileRef = 8B7BD0212DA35A540089F6D3 /* MockTrainingData.swift */; };
		8B7BD0262DA35A630089F6D3 /* ActiveWorkoutViewModel.swift in Sources */ = {isa = PBXBuildFile; fileRef = 8B7BD0252DA35A630089F6D3 /* ActiveWorkoutViewModel.swift */; };
/* End PBXBuildFile section */

/* Begin PBXFileReference section */
		8B7BCF8B2D9DFD3F0089F6D3 /* Train.app */ = {isa = PBXFileReference; explicitFileType = wrapper.application; includeInIndex = 0; path = Train.app; sourceTree = BUILT_PRODUCTS_DIR; };
		8B7BCF8E2D9DFD3F0089F6D3 /* TrainApp.swift */ = {isa = PBXFileReference; lastKnownFileType = sourcecode.swift; path = TrainApp.swift; sourceTree = "<group>"; };
		8B7BCF922D9DFD430089F6D3 /* Assets.xcassets */ = {isa = PBXFileReference; lastKnownFileType = folder.assetcatalog; path = Assets.xcassets; sourceTree = "<group>"; };
		8B7BCF952D9DFD430089F6D3 /* Preview Assets.xcassets */ = {isa = PBXFileReference; lastKnownFileType = folder.assetcatalog; path = "Preview Assets.xcassets"; sourceTree = "<group>"; };
		8B7BCF9E2D9E0AF90089F6D3 /* Train.entitlements */ = {isa = PBXFileReference; lastKnownFileType = text.plist.entitlements; path = Train.entitlements; sourceTree = "<group>"; };
		8B7BCFB72DA145110089F6D3 /* CalendarCardViewModel.swift */ = {isa = PBXFileReference; fileEncoding = 4; lastKnownFileType = sourcecode.swift; path = CalendarCardViewModel.swift; sourceTree = "<group>"; };
		8B7BCFB92DA145110089F6D3 /* CalendarCardView.swift */ = {isa = PBXFileReference; fileEncoding = 4; lastKnownFileType = sourcecode.swift; path = CalendarCardView.swift; sourceTree = "<group>"; };
		8B7BCFBB2DA145110089F6D3 /* TrainingSession.swift */ = {isa = PBXFileReference; fileEncoding = 4; lastKnownFileType = sourcecode.swift; path = TrainingSession.swift; sourceTree = "<group>"; };
		8B7BCFD72DA145F20089F6D3 /* HealthKitManager.swift */ = {isa = PBXFileReference; fileEncoding = 4; lastKnownFileType = sourcecode.swift; name = HealthKitManager.swift; path = Train/ViewModels/HealthKitManager.swift; sourceTree = SOURCE_ROOT; };
		8B7BCFD92DA1460F0089F6D3 /* ActiveWorkoutView.swift */ = {isa = PBXFileReference; fileEncoding = 4; lastKnownFileType = sourcecode.swift; path = ActiveWorkoutView.swift; sourceTree = "<group>"; };
		8B7BCFDA2DA1460F0089F6D3 /* ContentView.swift */ = {isa = PBXFileReference; fileEncoding = 4; lastKnownFileType = sourcecode.swift; path = ContentView.swift; sourceTree = "<group>"; };
		8B7BCFDB2DA1460F0089F6D3 /* WeightInputAccessory.swift */ = {isa = PBXFileReference; fileEncoding = 4; lastKnownFileType = sourcecode.swift; path = WeightInputAccessory.swift; sourceTree = "<group>"; };
		8B7BCFDC2DA1460F0089F6D3 /* CustomNumberPadView.swift */ = {isa = PBXFileReference; fileEncoding = 4; lastKnownFileType = sourcecode.swift; path = CustomNumberPadView.swift; sourceTree = "<group>"; };
		8B7BCFDD2DA1460F0089F6D3 /* TrainingView.swift */ = {isa = PBXFileReference; fileEncoding = 4; lastKnownFileType = sourcecode.swift; path = TrainingView.swift; sourceTree = "<group>"; };
		8B7BCFDE2DA1460F0089F6D3 /* RestTimer.swift */ = {isa = PBXFileReference; fileEncoding = 4; lastKnownFileType = sourcecode.swift; path = RestTimer.swift; sourceTree = "<group>"; };
		8B7BCFEA2DA155280089F6D3 /* AppStyle.swift */ = {isa = PBXFileReference; fileEncoding = 4; lastKnownFileType = sourcecode.swift; path = AppStyle.swift; sourceTree = "<group>"; };
		8B7BD0132DA357FA0089F6D3 /* ExerciseSet.swift */ = {isa = PBXFileReference; fileEncoding = 4; lastKnownFileType = sourcecode.swift; path = ExerciseSet.swift; sourceTree = "<group>"; };
		8B7BD0142DA357FA0089F6D3 /* TrainingPlan.swift */ = {isa = PBXFileReference; fileEncoding = 4; lastKnownFileType = sourcecode.swift; path = TrainingPlan.swift; sourceTree = "<group>"; };
		8B7BD0152DA357FB0089F6D3 /* Workout.swift */ = {isa = PBXFileReference; fileEncoding = 4; lastKnownFileType = sourcecode.swift; path = Workout.swift; sourceTree = "<group>"; };
		8B7BD0162DA357FB0089F6D3 /* Exercise.swift */ = {isa = PBXFileReference; fileEncoding = 4; lastKnownFileType = sourcecode.swift; path = Exercise.swift; sourceTree = "<group>"; };
		8B7BD0172DA357FB0089F6D3 /* MuscleGroup.swift */ = {isa = PBXFileReference; fileEncoding = 4; lastKnownFileType = sourcecode.swift; path = MuscleGroup.swift; sourceTree = "<group>"; };
		8B7BD0182DA357FB0089F6D3 /* ExerciseInstance.swift */ = {isa = PBXFileReference; fileEncoding = 4; lastKnownFileType = sourcecode.swift; path = ExerciseInstance.swift; sourceTree = "<group>"; };
		8B7BD01F2DA35A540089F6D3 /* TrainingDataStore.swift */ = {isa = PBXFileReference; fileEncoding = 4; lastKnownFileType = sourcecode.swift; path = TrainingDataStore.swift; sourceTree = "<group>"; };
		8B7BD0202DA35A540089F6D3 /* TrainingDataRoot.swift */ = {isa = PBXFileReference; fileEncoding = 4; lastKnownFileType = sourcecode.swift; path = TrainingDataRoot.swift; sourceTree = "<group>"; };
		8B7BD0212DA35A540089F6D3 /* MockTrainingData.swift */ = {isa = PBXFileReference; fileEncoding = 4; lastKnownFileType = sourcecode.swift; path = MockTrainingData.swift; sourceTree = "<group>"; };
		8B7BD0252DA35A630089F6D3 /* ActiveWorkoutViewModel.swift */ = {isa = PBXFileReference; fileEncoding = 4; lastKnownFileType = sourcecode.swift; path = ActiveWorkoutViewModel.swift; sourceTree = "<group>"; };
/* End PBXFileReference section */

/* Begin PBXFrameworksBuildPhase section */
		8B7BCF882D9DFD3F0089F6D3 /* Frameworks */ = {
			isa = PBXFrameworksBuildPhase;
			buildActionMask = 2147483647;
			files = (
			);
			runOnlyForDeploymentPostprocessing = 0;
		};
/* End PBXFrameworksBuildPhase section */

/* Begin PBXGroup section */
		8B7BCF822D9DFD3F0089F6D3 = {
			isa = PBXGroup;
			children = (
				8B7BCF8D2D9DFD3F0089F6D3 /* Train */,
				8B7BCF8C2D9DFD3F0089F6D3 /* Products */,
			);
			sourceTree = "<group>";
		};
		8B7BCF8C2D9DFD3F0089F6D3 /* Products */ = {
			isa = PBXGroup;
			children = (
				8B7BCF8B2D9DFD3F0089F6D3 /* Train.app */,
			);
			name = Products;
			sourceTree = "<group>";
		};
		8B7BCF8D2D9DFD3F0089F6D3 /* Train */ = {
			isa = PBXGroup;
			children = (
				8B7BCF9E2D9E0AF90089F6D3 /* Train.entitlements */,
				8B7BCF8E2D9DFD3F0089F6D3 /* TrainApp.swift */,
				8B7BCFBC2DA145110089F6D3 /* Models */,
				8B7BCFB82DA145110089F6D3 /* ViewModels */,
				8B7BCFBA2DA145110089F6D3 /* Views */,
				8B7BCF922D9DFD430089F6D3 /* Assets.xcassets */,
				8B7BCF942D9DFD430089F6D3 /* Preview Content */,
			);
			path = Train;
			sourceTree = "<group>";
		};
		8B7BCF942D9DFD430089F6D3 /* Preview Content */ = {
			isa = PBXGroup;
			children = (
				8B7BCF952D9DFD430089F6D3 /* Preview Assets.xcassets */,
			);
			path = "Preview Content";
			sourceTree = "<group>";
		};
		8B7BCFB82DA145110089F6D3 /* ViewModels */ = {
			isa = PBXGroup;
			children = (
				8B7BD0252DA35A630089F6D3 /* ActiveWorkoutViewModel.swift */,
				8B7BCFD72DA145F20089F6D3 /* HealthKitManager.swift */,
				8B7BCFB72DA145110089F6D3 /* CalendarCardViewModel.swift */,
			);
			path = ViewModels;
			sourceTree = "<group>";
		};
		8B7BCFBA2DA145110089F6D3 /* Views */ = {
			isa = PBXGroup;
			children = (
				8B7BCFD92DA1460F0089F6D3 /* ActiveWorkoutView.swift */,
				8B7BCFDA2DA1460F0089F6D3 /* ContentView.swift */,
				8B7BCFEB2DA155280089F6D3 /* Style */,
				8B7BCFDC2DA1460F0089F6D3 /* CustomNumberPadView.swift */,
				8B7BCFDE2DA1460F0089F6D3 /* RestTimer.swift */,
				8B7BCFDD2DA1460F0089F6D3 /* TrainingView.swift */,
				8B7BCFDB2DA1460F0089F6D3 /* WeightInputAccessory.swift */,
				8B7BCFB92DA145110089F6D3 /* CalendarCardView.swift */,
			);
			path = Views;
			sourceTree = "<group>";
		};
		8B7BCFBC2DA145110089F6D3 /* Models */ = {
			isa = PBXGroup;
			children = (
				8B7BD0212DA35A540089F6D3 /* MockTrainingData.swift */,
				8B7BD0202DA35A540089F6D3 /* TrainingDataRoot.swift */,
				8B7BD01F2DA35A540089F6D3 /* TrainingDataStore.swift */,
				8B7BD0162DA357FB0089F6D3 /* Exercise.swift */,
				8B7BD0182DA357FB0089F6D3 /* ExerciseInstance.swift */,
				8B7BD0132DA357FA0089F6D3 /* ExerciseSet.swift */,
				8B7BD0172DA357FB0089F6D3 /* MuscleGroup.swift */,
				8B7BD0142DA357FA0089F6D3 /* TrainingPlan.swift */,
				8B7BD0152DA357FB0089F6D3 /* Workout.swift */,
				8B7BCFBB2DA145110089F6D3 /* TrainingSession.swift */,
			);
			path = Models;
			sourceTree = "<group>";
		};
		8B7BCFEB2DA155280089F6D3 /* Style */ = {
			isa = PBXGroup;
			children = (
				8B7BCFEA2DA155280089F6D3 /* AppStyle.swift */,
			);
			path = Style;
			sourceTree = "<group>";
		};
/* End PBXGroup section */

/* Begin PBXNativeTarget section */
		8B7BCF8A2D9DFD3F0089F6D3 /* Train */ = {
			isa = PBXNativeTarget;
			buildConfigurationList = 8B7BCF992D9DFD430089F6D3 /* Build configuration list for PBXNativeTarget "Train" */;
			buildPhases = (
				8B7BCF872D9DFD3F0089F6D3 /* Sources */,
				8B7BCF882D9DFD3F0089F6D3 /* Frameworks */,
				8B7BCF892D9DFD3F0089F6D3 /* Resources */,
			);
			buildRules = (
			);
			dependencies = (
			);
			name = Train;
			productName = Train;
			productReference = 8B7BCF8B2D9DFD3F0089F6D3 /* Train.app */;
			productType = "com.apple.product-type.application";
		};
/* End PBXNativeTarget section */

/* Begin PBXProject section */
		8B7BCF832D9DFD3F0089F6D3 /* Project object */ = {
			isa = PBXProject;
			attributes = {
				BuildIndependentTargetsInParallel = 1;
				LastSwiftUpdateCheck = 1540;
				LastUpgradeCheck = 1540;
				TargetAttributes = {
					8B7BCF8A2D9DFD3F0089F6D3 = {
						CreatedOnToolsVersion = 15.4;
					};
				};
			};
			buildConfigurationList = 8B7BCF862D9DFD3F0089F6D3 /* Build configuration list for PBXProject "Train" */;
			compatibilityVersion = "Xcode 14.0";
			developmentRegion = en;
			hasScannedForEncodings = 0;
			knownRegions = (
				en,
				Base,
			);
			mainGroup = 8B7BCF822D9DFD3F0089F6D3;
			productRefGroup = 8B7BCF8C2D9DFD3F0089F6D3 /* Products */;
			projectDirPath = "";
			projectRoot = "";
			targets = (
				8B7BCF8A2D9DFD3F0089F6D3 /* Train */,
			);
		};
/* End PBXProject section */

/* Begin PBXResourcesBuildPhase section */
		8B7BCF892D9DFD3F0089F6D3 /* Resources */ = {
			isa = PBXResourcesBuildPhase;
			buildActionMask = 2147483647;
			files = (
				8B7BCF962D9DFD430089F6D3 /* Preview Assets.xcassets in Resources */,
				8B7BCF932D9DFD430089F6D3 /* Assets.xcassets in Resources */,
			);
			runOnlyForDeploymentPostprocessing = 0;
		};
/* End PBXResourcesBuildPhase section */

/* Begin PBXSourcesBuildPhase section */
		8B7BCF872D9DFD3F0089F6D3 /* Sources */ = {
			isa = PBXSourcesBuildPhase;
			buildActionMask = 2147483647;
			files = (
				8B7BCFE32DA1460F0089F6D3 /* TrainingView.swift in Sources */,
				8B7BD01C2DA357FB0089F6D3 /* Exercise.swift in Sources */,
				8B7BCFE42DA1460F0089F6D3 /* RestTimer.swift in Sources */,
				8B7BD0242DA35A540089F6D3 /* MockTrainingData.swift in Sources */,
				8B7BCFE12DA1460F0089F6D3 /* WeightInputAccessory.swift in Sources */,
				8B7BCFEC2DA155280089F6D3 /* AppStyle.swift in Sources */,
				8B7BD01A2DA357FB0089F6D3 /* TrainingPlan.swift in Sources */,
				8B7BCFE02DA1460F0089F6D3 /* ContentView.swift in Sources */,
				8B7BD0222DA35A540089F6D3 /* TrainingDataStore.swift in Sources */,
				8B7BCFD82DA145F20089F6D3 /* HealthKitManager.swift in Sources */,
				8B7BCFBE2DA145110089F6D3 /* CalendarCardView.swift in Sources */,
				8B7BD01D2DA357FB0089F6D3 /* MuscleGroup.swift in Sources */,
				8B7BD01B2DA357FB0089F6D3 /* Workout.swift in Sources */,
				8B7BCFBD2DA145110089F6D3 /* CalendarCardViewModel.swift in Sources */,
				8B7BCFE22DA1460F0089F6D3 /* CustomNumberPadView.swift in Sources */,
				8B7BCF8F2D9DFD3F0089F6D3 /* TrainApp.swift in Sources */,
				8B7BD0232DA35A540089F6D3 /* TrainingDataRoot.swift in Sources */,
				8B7BD0192DA357FB0089F6D3 /* ExerciseSet.swift in Sources */,
				8B7BCFDF2DA1460F0089F6D3 /* ActiveWorkoutView.swift in Sources */,
				8B7BD01E2DA357FB0089F6D3 /* ExerciseInstance.swift in Sources */,
				8B7BD0262DA35A630089F6D3 /* ActiveWorkoutViewModel.swift in Sources */,
				8B7BCFBF2DA145110089F6D3 /* TrainingSession.swift in Sources */,
			);
			runOnlyForDeploymentPostprocessing = 0;
		};
/* End PBXSourcesBuildPhase section */

/* Begin XCBuildConfiguration section */
		8B7BCF972D9DFD430089F6D3 /* Debug */ = {
			isa = XCBuildConfiguration;
			buildSettings = {
				ALWAYS_SEARCH_USER_PATHS = NO;
				ASSETCATALOG_COMPILER_GENERATE_SWIFT_ASSET_SYMBOL_EXTENSIONS = YES;
				CLANG_ANALYZER_NONNULL = YES;
				CLANG_ANALYZER_NUMBER_OBJECT_CONVERSION = YES_AGGRESSIVE;
				CLANG_CXX_LANGUAGE_STANDARD = "gnu++20";
				CLANG_ENABLE_MODULES = YES;
				CLANG_ENABLE_OBJC_ARC = YES;
				CLANG_ENABLE_OBJC_WEAK = YES;
				CLANG_WARN_BLOCK_CAPTURE_AUTORELEASING = YES;
				CLANG_WARN_BOOL_CONVERSION = YES;
				CLANG_WARN_COMMA = YES;
				CLANG_WARN_CONSTANT_CONVERSION = YES;
				CLANG_WARN_DEPRECATED_OBJC_IMPLEMENTATIONS = YES;
				CLANG_WARN_DIRECT_OBJC_ISA_USAGE = YES_ERROR;
				CLANG_WARN_DOCUMENTATION_COMMENTS = YES;
				CLANG_WARN_EMPTY_BODY = YES;
				CLANG_WARN_ENUM_CONVERSION = YES;
				CLANG_WARN_INFINITE_RECURSION = YES;
				CLANG_WARN_INT_CONVERSION = YES;
				CLANG_WARN_NON_LITERAL_NULL_CONVERSION = YES;
				CLANG_WARN_OBJC_IMPLICIT_RETAIN_SELF = YES;
				CLANG_WARN_OBJC_LITERAL_CONVERSION = YES;
				CLANG_WARN_OBJC_ROOT_CLASS = YES_ERROR;
				CLANG_WARN_QUOTED_INCLUDE_IN_FRAMEWORK_HEADER = YES;
				CLANG_WARN_RANGE_LOOP_ANALYSIS = YES;
				CLANG_WARN_STRICT_PROTOTYPES = YES;
				CLANG_WARN_SUSPICIOUS_MOVE = YES;
				CLANG_WARN_UNGUARDED_AVAILABILITY = YES_AGGRESSIVE;
				CLANG_WARN_UNREACHABLE_CODE = YES;
				CLANG_WARN__DUPLICATE_METHOD_MATCH = YES;
				COPY_PHASE_STRIP = NO;
				DEBUG_INFORMATION_FORMAT = dwarf;
				ENABLE_STRICT_OBJC_MSGSEND = YES;
				ENABLE_TESTABILITY = YES;
				ENABLE_USER_SCRIPT_SANDBOXING = YES;
				GCC_C_LANGUAGE_STANDARD = gnu17;
				GCC_DYNAMIC_NO_PIC = NO;
				GCC_NO_COMMON_BLOCKS = YES;
				GCC_OPTIMIZATION_LEVEL = 0;
				GCC_PREPROCESSOR_DEFINITIONS = (
					"DEBUG=1",
					"$(inherited)",
				);
				GCC_WARN_64_TO_32_BIT_CONVERSION = YES;
				GCC_WARN_ABOUT_RETURN_TYPE = YES_ERROR;
				GCC_WARN_UNDECLARED_SELECTOR = YES;
				GCC_WARN_UNINITIALIZED_AUTOS = YES_AGGRESSIVE;
				GCC_WARN_UNUSED_FUNCTION = YES;
				GCC_WARN_UNUSED_VARIABLE = YES;
				IPHONEOS_DEPLOYMENT_TARGET = 17.5;
				LOCALIZATION_PREFERS_STRING_CATALOGS = YES;
				MTL_ENABLE_DEBUG_INFO = INCLUDE_SOURCE;
				MTL_FAST_MATH = YES;
				ONLY_ACTIVE_ARCH = YES;
				SDKROOT = iphoneos;
				SWIFT_ACTIVE_COMPILATION_CONDITIONS = "DEBUG $(inherited)";
				SWIFT_OPTIMIZATION_LEVEL = "-Onone";
			};
			name = Debug;
		};
		8B7BCF982D9DFD430089F6D3 /* Release */ = {
			isa = XCBuildConfiguration;
			buildSettings = {
				ALWAYS_SEARCH_USER_PATHS = NO;
				ASSETCATALOG_COMPILER_GENERATE_SWIFT_ASSET_SYMBOL_EXTENSIONS = YES;
				CLANG_ANALYZER_NONNULL = YES;
				CLANG_ANALYZER_NUMBER_OBJECT_CONVERSION = YES_AGGRESSIVE;
				CLANG_CXX_LANGUAGE_STANDARD = "gnu++20";
				CLANG_ENABLE_MODULES = YES;
				CLANG_ENABLE_OBJC_ARC = YES;
				CLANG_ENABLE_OBJC_WEAK = YES;
				CLANG_WARN_BLOCK_CAPTURE_AUTORELEASING = YES;
				CLANG_WARN_BOOL_CONVERSION = YES;
				CLANG_WARN_COMMA = YES;
				CLANG_WARN_CONSTANT_CONVERSION = YES;
				CLANG_WARN_DEPRECATED_OBJC_IMPLEMENTATIONS = YES;
				CLANG_WARN_DIRECT_OBJC_ISA_USAGE = YES_ERROR;
				CLANG_WARN_DOCUMENTATION_COMMENTS = YES;
				CLANG_WARN_EMPTY_BODY = YES;
				CLANG_WARN_ENUM_CONVERSION = YES;
				CLANG_WARN_INFINITE_RECURSION = YES;
				CLANG_WARN_INT_CONVERSION = YES;
				CLANG_WARN_NON_LITERAL_NULL_CONVERSION = YES;
				CLANG_WARN_OBJC_IMPLICIT_RETAIN_SELF = YES;
				CLANG_WARN_OBJC_LITERAL_CONVERSION = YES;
				CLANG_WARN_OBJC_ROOT_CLASS = YES_ERROR;
				CLANG_WARN_QUOTED_INCLUDE_IN_FRAMEWORK_HEADER = YES;
				CLANG_WARN_RANGE_LOOP_ANALYSIS = YES;
				CLANG_WARN_STRICT_PROTOTYPES = YES;
				CLANG_WARN_SUSPICIOUS_MOVE = YES;
				CLANG_WARN_UNGUARDED_AVAILABILITY = YES_AGGRESSIVE;
				CLANG_WARN_UNREACHABLE_CODE = YES;
				CLANG_WARN__DUPLICATE_METHOD_MATCH = YES;
				COPY_PHASE_STRIP = NO;
				DEBUG_INFORMATION_FORMAT = "dwarf-with-dsym";
				ENABLE_NS_ASSERTIONS = NO;
				ENABLE_STRICT_OBJC_MSGSEND = YES;
				ENABLE_USER_SCRIPT_SANDBOXING = YES;
				GCC_C_LANGUAGE_STANDARD = gnu17;
				GCC_NO_COMMON_BLOCKS = YES;
				GCC_WARN_64_TO_32_BIT_CONVERSION = YES;
				GCC_WARN_ABOUT_RETURN_TYPE = YES_ERROR;
				GCC_WARN_UNDECLARED_SELECTOR = YES;
				GCC_WARN_UNINITIALIZED_AUTOS = YES_AGGRESSIVE;
				GCC_WARN_UNUSED_FUNCTION = YES;
				GCC_WARN_UNUSED_VARIABLE = YES;
				IPHONEOS_DEPLOYMENT_TARGET = 17.5;
				LOCALIZATION_PREFERS_STRING_CATALOGS = YES;
				MTL_ENABLE_DEBUG_INFO = NO;
				MTL_FAST_MATH = YES;
				SDKROOT = iphoneos;
				SWIFT_COMPILATION_MODE = wholemodule;
				VALIDATE_PRODUCT = YES;
			};
			name = Release;
		};
		8B7BCF9A2D9DFD430089F6D3 /* Debug */ = {
			isa = XCBuildConfiguration;
			buildSettings = {
				ASSETCATALOG_COMPILER_APPICON_NAME = AppIcon;
				ASSETCATALOG_COMPILER_GLOBAL_ACCENT_COLOR_NAME = AccentColor;
				CODE_SIGN_ENTITLEMENTS = Train/Train.entitlements;
				CODE_SIGN_STYLE = Automatic;
				CURRENT_PROJECT_VERSION = 1;
				DEVELOPMENT_ASSET_PATHS = "\"Train/Preview Content\"";
				DEVELOPMENT_TEAM = 7229M3R3PU;
				ENABLE_PREVIEWS = YES;
				GENERATE_INFOPLIST_FILE = YES;
				INFOPLIST_KEY_NSHealthShareUsageDescription = "This app uses your heart rate, HRV, and sleep data to help you optimize training and recovery.\n";
				INFOPLIST_KEY_UIApplicationSceneManifest_Generation = YES;
				INFOPLIST_KEY_UIApplicationSupportsIndirectInputEvents = YES;
				INFOPLIST_KEY_UILaunchScreen_Generation = YES;
				INFOPLIST_KEY_UISupportedInterfaceOrientations_iPad = "UIInterfaceOrientationPortrait UIInterfaceOrientationPortraitUpsideDown UIInterfaceOrientationLandscapeLeft UIInterfaceOrientationLandscapeRight";
				INFOPLIST_KEY_UISupportedInterfaceOrientations_iPhone = "UIInterfaceOrientationPortrait UIInterfaceOrientationLandscapeLeft UIInterfaceOrientationLandscapeRight";
				LD_RUNPATH_SEARCH_PATHS = (
					"$(inherited)",
					"@executable_path/Frameworks",
				);
				MARKETING_VERSION = 1.0;
				PRODUCT_BUNDLE_IDENTIFIER = seanmaloney.Train;
				PRODUCT_NAME = "$(TARGET_NAME)";
				SWIFT_EMIT_LOC_STRINGS = YES;
				SWIFT_VERSION = 5.0;
				TARGETED_DEVICE_FAMILY = "1,2";
			};
			name = Debug;
		};
		8B7BCF9B2D9DFD430089F6D3 /* Release */ = {
			isa = XCBuildConfiguration;
			buildSettings = {
				ASSETCATALOG_COMPILER_APPICON_NAME = AppIcon;
				ASSETCATALOG_COMPILER_GLOBAL_ACCENT_COLOR_NAME = AccentColor;
				CODE_SIGN_ENTITLEMENTS = Train/Train.entitlements;
				CODE_SIGN_STYLE = Automatic;
				CURRENT_PROJECT_VERSION = 1;
				DEVELOPMENT_ASSET_PATHS = "\"Train/Preview Content\"";
				DEVELOPMENT_TEAM = 7229M3R3PU;
				ENABLE_PREVIEWS = YES;
				GENERATE_INFOPLIST_FILE = YES;
				INFOPLIST_KEY_NSHealthShareUsageDescription = "This app uses your heart rate, HRV, and sleep data to help you optimize training and recovery.\n";
				INFOPLIST_KEY_UIApplicationSceneManifest_Generation = YES;
				INFOPLIST_KEY_UIApplicationSupportsIndirectInputEvents = YES;
				INFOPLIST_KEY_UILaunchScreen_Generation = YES;
				INFOPLIST_KEY_UISupportedInterfaceOrientations_iPad = "UIInterfaceOrientationPortrait UIInterfaceOrientationPortraitUpsideDown UIInterfaceOrientationLandscapeLeft UIInterfaceOrientationLandscapeRight";
				INFOPLIST_KEY_UISupportedInterfaceOrientations_iPhone = "UIInterfaceOrientationPortrait UIInterfaceOrientationLandscapeLeft UIInterfaceOrientationLandscapeRight";
				LD_RUNPATH_SEARCH_PATHS = (
					"$(inherited)",
					"@executable_path/Frameworks",
				);
				MARKETING_VERSION = 1.0;
				PRODUCT_BUNDLE_IDENTIFIER = seanmaloney.Train;
				PRODUCT_NAME = "$(TARGET_NAME)";
				SWIFT_EMIT_LOC_STRINGS = YES;
				SWIFT_VERSION = 5.0;
				TARGETED_DEVICE_FAMILY = "1,2";
			};
			name = Release;
		};
/* End XCBuildConfiguration section */

/* Begin XCConfigurationList section */
		8B7BCF862D9DFD3F0089F6D3 /* Build configuration list for PBXProject "Train" */ = {
			isa = XCConfigurationList;
			buildConfigurations = (
				8B7BCF972D9DFD430089F6D3 /* Debug */,
				8B7BCF982D9DFD430089F6D3 /* Release */,
			);
			defaultConfigurationIsVisible = 0;
			defaultConfigurationName = Release;
		};
		8B7BCF992D9DFD430089F6D3 /* Build configuration list for PBXNativeTarget "Train" */ = {
			isa = XCConfigurationList;
			buildConfigurations = (
				8B7BCF9A2D9DFD430089F6D3 /* Debug */,
				8B7BCF9B2D9DFD430089F6D3 /* Release */,
			);
			defaultConfigurationIsVisible = 0;
			defaultConfigurationName = Release;
		};
/* End XCConfigurationList section */
	};
	rootObject = 8B7BCF832D9DFD3F0089F6D3 /* Project object */;
}
