// !$*UTF8*$!
{
	archiveVersion = 1;
	classes = {
	};
	objectVersion = 56;
	objects = {

/* Begin PBXBuildFile section */
		8B568C742DC37E21004A39C6 /* WorkoutManager.swift in Sources */ = {isa = PBXBuildFile; fileRef = 8B568C722DC37E21004A39C6 /* WorkoutManager.swift */; };
		8B568C762DC454C7004A39C6 /* MovementInfoSheet.swift in Sources */ = {isa = PBXBuildFile; fileRef = 8B568C752DC454C7004A39C6 /* MovementInfoSheet.swift */; };
		8B568C782DC4CF18004A39C6 /* SorenessCheckView.swift in Sources */ = {isa = PBXBuildFile; fileRef = 8B568C772DC4CF18004A39C6 /* SorenessCheckView.swift */; };
		8B568C7A2DC62728004A39C6 /* Goals.swift in Sources */ = {isa = PBXBuildFile; fileRef = 8B568C792DC62728004A39C6 /* Goals.swift */; };
		8B568C7C2DC62739004A39C6 /* MuscleGoalSelectionView.swift in Sources */ = {isa = PBXBuildFile; fileRef = 8B568C7B2DC62739004A39C6 /* MuscleGoalSelectionView.swift */; };
		8B568C802DC64990004A39C6 /* AdaptivePlanSetupView.swift in Sources */ = {isa = PBXBuildFile; fileRef = 8B568C7F2DC64990004A39C6 /* AdaptivePlanSetupView.swift */; };
		8B568C822DC64DBA004A39C6 /* AdaptivePlanModels.swift in Sources */ = {isa = PBXBuildFile; fileRef = 8B568C812DC64DBA004A39C6 /* AdaptivePlanModels.swift */; };
		8B568C842DC64DCC004A39C6 /* AdaptivePlanQuestionComponents.swift in Sources */ = {isa = PBXBuildFile; fileRef = 8B568C832DC64DCC004A39C6 /* AdaptivePlanQuestionComponents.swift */; };
		8B568C882DC659F0004A39C6 /* PlanGenerator.swift in Sources */ = {isa = PBXBuildFile; fileRef = 8B568C872DC659F0004A39C6 /* PlanGenerator.swift */; };
		8B568C8A2DC65B5C004A39C6 /* VolumeRampStrategy.swift in Sources */ = {isa = PBXBuildFile; fileRef = 8B568C892DC65B5C004A39C6 /* VolumeRampStrategy.swift */; };
		8B568C8C2DC66853004A39C6 /* README.md in Resources */ = {isa = PBXBuildFile; fileRef = 8B568C8B2DC66853004A39C6 /* README.md */; };
		8B568C8E2DC67478004A39C6 /* PlanGeneratorTests.swift in Sources */ = {isa = PBXBuildFile; fileRef = 8B568C8D2DC67478004A39C6 /* PlanGeneratorTests.swift */; };
		8B568C902DC68BC3004A39C6 /* GeneratedPlanEditorViewModel.swift in Sources */ = {isa = PBXBuildFile; fileRef = 8B568C8F2DC68BC3004A39C6 /* GeneratedPlanEditorViewModel.swift */; };
		8B568C922DC68BDA004A39C6 /* GeneratedPlanEditorView.swift in Sources */ = {isa = PBXBuildFile; fileRef = 8B568C912DC68BDA004A39C6 /* GeneratedPlanEditorView.swift */; };
		8B568C942DC6A4F1004A39C6 /* DefaultExerciseSelector.swift in Sources */ = {isa = PBXBuildFile; fileRef = 8B568C932DC6A4F1004A39C6 /* DefaultExerciseSelector.swift */; };
		8B56F2122DCAE88300132675 /* PlanGenerator2.swift in Sources */ = {isa = PBXBuildFile; fileRef = 8B56F2112DCAE87C00132675 /* PlanGenerator2.swift */; };
		8B56F2142DCBA12B00132675 /* PlanInput.swift in Sources */ = {isa = PBXBuildFile; fileRef = 8B56F2132DCBA12800132675 /* PlanInput.swift */; };
		8B56F2162DCBA16D00132675 /* PlanGenUtilities.swift in Sources */ = {isa = PBXBuildFile; fileRef = 8B56F2152DCBA16700132675 /* PlanGenUtilities.swift */; };
		8B56F21D2DD23EDA00132675 /* PreWorkoutFeedbackView.swift in Sources */ = {isa = PBXBuildFile; fileRef = 8B56F21B2DD23EDA00132675 /* PreWorkoutFeedbackView.swift */; };
		8B56F21E2DD23EDA00132675 /* PostWorkoutFeedbackView.swift in Sources */ = {isa = PBXBuildFile; fileRef = 8B56F21A2DD23EDA00132675 /* PostWorkoutFeedbackView.swift */; };
		8B56F21F2DD23EDA00132675 /* ExerciseFeedbackView.swift in Sources */ = {isa = PBXBuildFile; fileRef = 8B56F2192DD23EDA00132675 /* ExerciseFeedbackView.swift */; };
		8B56F2212DD23EEB00132675 /* WorkoutFeedback.swift in Sources */ = {isa = PBXBuildFile; fileRef = 8B56F2202DD23EEB00132675 /* WorkoutFeedback.swift */; };
		8B56F2232DD2D35700132675 /* AppState+Progression.swift in Sources */ = {isa = PBXBuildFile; fileRef = 8B56F2222DD2D35700132675 /* AppState+Progression.swift */; };
		8B56F22A2DD56E4300132675 /* ProgressionEngine.swift in Sources */ = {isa = PBXBuildFile; fileRef = 8B56F2262DD56E4300132675 /* ProgressionEngine.swift */; };
		8B56F22E2DD5729200132675 /* ProgressionEngineTests.swift in Sources */ = {isa = PBXBuildFile; fileRef = 8B56F22D2DD5729200132675 /* ProgressionEngineTests.swift */; };
		8B56F2312DDEAC1700132675 /* NavigationDestinations.swift in Sources */ = {isa = PBXBuildFile; fileRef = 8B56F22F2DDEAC1700132675 /* NavigationDestinations.swift */; };
		8B56F2332DDEB00C00132675 /* NavigationCoordinator.swift in Sources */ = {isa = PBXBuildFile; fileRef = 8B56F2322DDEB00C00132675 /* NavigationCoordinator.swift */; };
		8B56F23B2DE006A600132675 /* FirebaseAuth in Frameworks */ = {isa = PBXBuildFile; productRef = 8B56F23A2DE006A600132675 /* FirebaseAuth */; };
		8B56F23D2DE006A600132675 /* FirebaseFirestore in Frameworks */ = {isa = PBXBuildFile; productRef = 8B56F23C2DE006A600132675 /* FirebaseFirestore */; };
		8B56F26C2DE0071A00132675 /* AuthViewModel.swift in Sources */ = {isa = PBXBuildFile; fileRef = 8B56F2692DE0071A00132675 /* AuthViewModel.swift */; };
		8B56F26D2DE0071A00132675 /* FirebaseAuthService.swift in Sources */ = {isa = PBXBuildFile; fileRef = 8B56F25F2DE0071A00132675 /* FirebaseAuthService.swift */; };
		8B56F26E2DE0071A00132675 /* UserEntity.swift in Sources */ = {isa = PBXBuildFile; fileRef = 8B56F25C2DE0071A00132675 /* UserEntity.swift */; };
		8B56F26F2DE0071A00132675 /* AuthView.swift in Sources */ = {isa = PBXBuildFile; fileRef = 8B56F2682DE0071A00132675 /* AuthView.swift */; };
		8B56F2702DE0071A00132675 /* LoginView.swift in Sources */ = {isa = PBXBuildFile; fileRef = 8B56F2652DE0071A00132675 /* LoginView.swift */; };
		8B56F2712DE0071A00132675 /* UserSessionManager.swift in Sources */ = {isa = PBXBuildFile; fileRef = 8B56F2612DE0071A00132675 /* UserSessionManager.swift */; };
		8B56F2722DE0071A00132675 /* AuthService.swift in Sources */ = {isa = PBXBuildFile; fileRef = 8B56F25E2DE0071A00132675 /* AuthService.swift */; };
		8B56F2732DE0071A00132675 /* AuthenticationManager.swift in Sources */ = {isa = PBXBuildFile; fileRef = 8B56F2672DE0071A00132675 /* AuthenticationManager.swift */; };
		8B56F2742DE0071A00132675 /* AppleSignInButton.swift in Sources */ = {isa = PBXBuildFile; fileRef = 8B56F2642DE0071A00132675 /* AppleSignInButton.swift */; };
		8B56F2752DE0071A00132675 /* AuthError.swift in Sources */ = {isa = PBXBuildFile; fileRef = 8B56F25B2DE0071A00132675 /* AuthError.swift */; };
		8B56F2762DE0071A00132675 /* AccountView.swift in Sources */ = {isa = PBXBuildFile; fileRef = 8B56F2632DE0071A00132675 /* AccountView.swift */; };
		8B56F2772DE0071A00132675 /* UserSession.swift in Sources */ = {isa = PBXBuildFile; fileRef = 8B56F26A2DE0071A00132675 /* UserSession.swift */; };
		8B56F27A2DE158B200132675 /* UserAccount_README.md in Resources */ = {isa = PBXBuildFile; fileRef = 8B56F2792DE158B200132675 /* UserAccount_README.md */; };
		8B56F27B2DE158B200132675 /* SocialFeed.md in Resources */ = {isa = PBXBuildFile; fileRef = 8B56F2782DE158B200132675 /* SocialFeed.md */; };
		8B7A5A092DA9A5F700404F43 /* PlanDetailView.swift in Sources */ = {isa = PBXBuildFile; fileRef = 8B7A5A082DA9A5F700404F43 /* PlanDetailView.swift */; };
		8B7A5A342DAA9F0D00404F43 /* CalendarCardViewModel.swift in Sources */ = {isa = PBXBuildFile; fileRef = 8B7A5A332DAA9F0D00404F43 /* CalendarCardViewModel.swift */; };
		8B7A5A362DAAA08300404F43 /* TrainingType.swift in Sources */ = {isa = PBXBuildFile; fileRef = 8B7A5A352DAAA08300404F43 /* TrainingType.swift */; };
		8B7A5A382DAB0CF000404F43 /* UpcomingTrainingViewModel.swift in Sources */ = {isa = PBXBuildFile; fileRef = 8B7A5A372DAB0CEF00404F43 /* UpcomingTrainingViewModel.swift */; };
		8B7A5A3B2DABE3D000404F43 /* TodaysTrainingViewModel.swift in Sources */ = {isa = PBXBuildFile; fileRef = 8B7A5A392DABE3D000404F43 /* TodaysTrainingViewModel.swift */; };
		8B7A5A3C2DABE3D000404F43 /* TrainingViewModel.swift in Sources */ = {isa = PBXBuildFile; fileRef = 8B7A5A3A2DABE3D000404F43 /* TrainingViewModel.swift */; };
		8B7A5A3E2DABE3E200404F43 /* TodaysTrainingCard.swift in Sources */ = {isa = PBXBuildFile; fileRef = 8B7A5A3D2DABE3E200404F43 /* TodaysTrainingCard.swift */; };
		8B7BCF8F2D9DFD3F0089F6D3 /* TrainApp.swift in Sources */ = {isa = PBXBuildFile; fileRef = 8B7BCF8E2D9DFD3F0089F6D3 /* TrainApp.swift */; };
		8B7BCF932D9DFD430089F6D3 /* Assets.xcassets in Resources */ = {isa = PBXBuildFile; fileRef = 8B7BCF922D9DFD430089F6D3 /* Assets.xcassets */; };
		8B7BCF962D9DFD430089F6D3 /* Preview Assets.xcassets in Resources */ = {isa = PBXBuildFile; fileRef = 8B7BCF952D9DFD430089F6D3 /* Preview Assets.xcassets */; };
		8B7BCFBE2DA145110089F6D3 /* CalendarCardView.swift in Sources */ = {isa = PBXBuildFile; fileRef = 8B7BCFB92DA145110089F6D3 /* CalendarCardView.swift */; };
		8B7BCFBF2DA145110089F6D3 /* TrainingSession.swift in Sources */ = {isa = PBXBuildFile; fileRef = 8B7BCFBB2DA145110089F6D3 /* TrainingSession.swift */; };
		8B7BCFD82DA145F20089F6D3 /* HealthKitManager.swift in Sources */ = {isa = PBXBuildFile; fileRef = 8B7BCFD72DA145F20089F6D3 /* HealthKitManager.swift */; };
		8B7BCFDF2DA1460F0089F6D3 /* ActiveWorkoutView.swift in Sources */ = {isa = PBXBuildFile; fileRef = 8B7BCFD92DA1460F0089F6D3 /* ActiveWorkoutView.swift */; };
		8B7BCFE02DA1460F0089F6D3 /* ContentView.swift in Sources */ = {isa = PBXBuildFile; fileRef = 8B7BCFDA2DA1460F0089F6D3 /* ContentView.swift */; };
		8B7BCFE12DA1460F0089F6D3 /* WeightInputAccessory.swift in Sources */ = {isa = PBXBuildFile; fileRef = 8B7BCFDB2DA1460F0089F6D3 /* WeightInputAccessory.swift */; };
		8B7BCFE22DA1460F0089F6D3 /* CustomNumberPadView.swift in Sources */ = {isa = PBXBuildFile; fileRef = 8B7BCFDC2DA1460F0089F6D3 /* CustomNumberPadView.swift */; };
		8B7BCFE32DA1460F0089F6D3 /* TrainingView.swift in Sources */ = {isa = PBXBuildFile; fileRef = 8B7BCFDD2DA1460F0089F6D3 /* TrainingView.swift */; };
		8B7BCFE42DA1460F0089F6D3 /* RestTimer.swift in Sources */ = {isa = PBXBuildFile; fileRef = 8B7BCFDE2DA1460F0089F6D3 /* RestTimer.swift */; };
		8B7BCFEC2DA155280089F6D3 /* AppStyle.swift in Sources */ = {isa = PBXBuildFile; fileRef = 8B7BCFEA2DA155280089F6D3 /* AppStyle.swift */; };
		8B7BD0192DA357FB0089F6D3 /* ExerciseSet.swift in Sources */ = {isa = PBXBuildFile; fileRef = 8B7BD0132DA357FA0089F6D3 /* ExerciseSet.swift */; };
		8B7BD01A2DA357FB0089F6D3 /* TrainingPlan.swift in Sources */ = {isa = PBXBuildFile; fileRef = 8B7BD0142DA357FA0089F6D3 /* TrainingPlan.swift */; };
		8B7BD01B2DA357FB0089F6D3 /* Workout.swift in Sources */ = {isa = PBXBuildFile; fileRef = 8B7BD0152DA357FB0089F6D3 /* Workout.swift */; };
		8B7BD01D2DA357FB0089F6D3 /* MuscleGroup.swift in Sources */ = {isa = PBXBuildFile; fileRef = 8B7BD0172DA357FB0089F6D3 /* MuscleGroup.swift */; };
		8B7BD01E2DA357FB0089F6D3 /* ExerciseInstance.swift in Sources */ = {isa = PBXBuildFile; fileRef = 8B7BD0182DA357FB0089F6D3 /* ExerciseInstance.swift */; };
		8B7BD0222DA35A540089F6D3 /* TrainingDataStore.swift in Sources */ = {isa = PBXBuildFile; fileRef = 8B7BD01F2DA35A540089F6D3 /* TrainingDataStore.swift */; };
		8B7BD0232DA35A540089F6D3 /* TrainingDataRoot.swift in Sources */ = {isa = PBXBuildFile; fileRef = 8B7BD0202DA35A540089F6D3 /* TrainingDataRoot.swift */; };
		8B7BD0262DA35A630089F6D3 /* ActiveWorkoutViewModel.swift in Sources */ = {isa = PBXBuildFile; fileRef = 8B7BD0252DA35A630089F6D3 /* ActiveWorkoutViewModel.swift */; };
		8B7BD0282DA5EFD20089F6D3 /* MovementEntity.swift in Sources */ = {isa = PBXBuildFile; fileRef = 8B7BD0272DA5EFD20089F6D3 /* MovementEntity.swift */; };
		8B7BD0442DA6BA630089F6D3 /* TrainingPlanBuilder.swift in Sources */ = {isa = PBXBuildFile; fileRef = 8B7BD0432DA6BA630089F6D3 /* TrainingPlanBuilder.swift */; };
		8B7BD0482DA74FCB0089F6D3 /* MovementLibrary.swift in Sources */ = {isa = PBXBuildFile; fileRef = 8B7BD0472DA74FCA0089F6D3 /* MovementLibrary.swift */; };
		8B7BD04C2DA752650089F6D3 /* PlansView.swift in Sources */ = {isa = PBXBuildFile; fileRef = 8B7BD04A2DA752650089F6D3 /* PlansView.swift */; };
		8B7BD04E2DA754F70089F6D3 /* PlanTemplatePickerView.swift in Sources */ = {isa = PBXBuildFile; fileRef = 8B7BD04D2DA754F70089F6D3 /* PlanTemplatePickerView.swift */; };
		8B7BD0522DA755EB0089F6D3 /* PlanEditorView.swift in Sources */ = {isa = PBXBuildFile; fileRef = 8B7BD0512DA755EB0089F6D3 /* PlanEditorView.swift */; };
		8B7BD0542DA755F40089F6D3 /* PlanEditorViewModel.swift in Sources */ = {isa = PBXBuildFile; fileRef = 8B7BD0532DA755F40089F6D3 /* PlanEditorViewModel.swift */; };
		8B7BD0562DA756A90089F6D3 /* MovementPickerView.swift in Sources */ = {isa = PBXBuildFile; fileRef = 8B7BD0552DA756A90089F6D3 /* MovementPickerView.swift */; };
		8B7BD0582DA756B00089F6D3 /* MovementPickerViewModel.swift in Sources */ = {isa = PBXBuildFile; fileRef = 8B7BD0572DA756B00089F6D3 /* MovementPickerViewModel.swift */; };
		8B7BD05A2DA757440089F6D3 /* PlanSummaryViewModel.swift in Sources */ = {isa = PBXBuildFile; fileRef = 8B7BD0592DA757440089F6D3 /* PlanSummaryViewModel.swift */; };
		8B7BD05C2DA757640089F6D3 /* PlanSummaryView.swift in Sources */ = {isa = PBXBuildFile; fileRef = 8B7BD05B2DA757640089F6D3 /* PlanSummaryView.swift */; };
		8B7BD05F2DA757900089F6D3 /* AppState.swift in Sources */ = {isa = PBXBuildFile; fileRef = 8B7BD05D2DA757900089F6D3 /* AppState.swift */; };
		8B98772D2DAF32D400767AE2 /* LoadingScreenView.swift in Sources */ = {isa = PBXBuildFile; fileRef = 8B98772C2DAF32D400767AE2 /* LoadingScreenView.swift */; };
		8B9877312DB0311600767AE2 /* PlanTemplate.swift in Sources */ = {isa = PBXBuildFile; fileRef = 8B9877302DB0311600767AE2 /* PlanTemplate.swift */; };
		8B9877452DB9B7B100767AE2 /* EnhancedTrainingView.swift in Sources */ = {isa = PBXBuildFile; fileRef = 8B9877432DB9B7B100767AE2 /* EnhancedTrainingView.swift */; };
		8B9877462DB9B7B100767AE2 /* EnhancedActiveWorkoutView.swift in Sources */ = {isa = PBXBuildFile; fileRef = 8B9877442DB9B7B100767AE2 /* EnhancedActiveWorkoutView.swift */; };
		8B9877492DB9B7B700767AE2 /* EnhancedTrainingViewModel.swift in Sources */ = {isa = PBXBuildFile; fileRef = 8B9877472DB9B7B700767AE2 /* EnhancedTrainingViewModel.swift */; };
		8B98774A2DB9B7B700767AE2 /* EnhancedActiveWorkoutViewModel.swift in Sources */ = {isa = PBXBuildFile; fileRef = 8B9877482DB9B7B700767AE2 /* EnhancedActiveWorkoutViewModel.swift */; };
		8B98774E2DB9B88B00767AE2 /* ExerciseEditView.swift in Sources */ = {isa = PBXBuildFile; fileRef = 8B98774B2DB9B88B00767AE2 /* ExerciseEditView.swift */; };
		8B98774F2DB9B88B00767AE2 /* WorkoutCardView.swift in Sources */ = {isa = PBXBuildFile; fileRef = 8B98774C2DB9B88B00767AE2 /* WorkoutCardView.swift */; };
		8B9877512DBB0C1D00767AE2 /* MovementType.swift in Sources */ = {isa = PBXBuildFile; fileRef = 8B9877502DBB0C1D00767AE2 /* MovementType.swift */; };
		8B9877532DBB15B100767AE2 /* WorkoutDay.swift in Sources */ = {isa = PBXBuildFile; fileRef = 8B9877522DBB15B100767AE2 /* WorkoutDay.swift */; };
		8B9877552DBB195A00767AE2 /* DayPickerView.swift in Sources */ = {isa = PBXBuildFile; fileRef = 8B9877542DBB195A00767AE2 /* DayPickerView.swift */; };
		8B9877582DBB25AA00767AE2 /* EnhancedTrainingViewModel+WeekGrouping.swift in Sources */ = {isa = PBXBuildFile; fileRef = 8B9877562DBB25A900767AE2 /* EnhancedTrainingViewModel+WeekGrouping.swift */; };
		8B9877592DBB25AA00767AE2 /* EnhancedActiveWorkoutViewModel+History.swift in Sources */ = {isa = PBXBuildFile; fileRef = 8B9877572DBB25A900767AE2 /* EnhancedActiveWorkoutViewModel+History.swift */; };
		8B98775C2DBB25C500767AE2 /* ExerciseHistoryIndicator.swift in Sources */ = {isa = PBXBuildFile; fileRef = 8B98775A2DBB25C500767AE2 /* ExerciseHistoryIndicator.swift */; };
		8B98775D2DBB25C500767AE2 /* WeekSelectorView.swift in Sources */ = {isa = PBXBuildFile; fileRef = 8B98775B2DBB25C500767AE2 /* WeekSelectorView.swift */; };
		8B98775F2DBBB0AA00767AE2 /* SwipeableExerciseCard.swift in Sources */ = {isa = PBXBuildFile; fileRef = 8B98775E2DBBB0AA00767AE2 /* SwipeableExerciseCard.swift */; };
		8B98776A2DBC2BC400767AE2 /* StatsViewModel.swift in Sources */ = {isa = PBXBuildFile; fileRef = 8B9877692DBC2BC400767AE2 /* StatsViewModel.swift */; };
		8B98776C2DBC2C0E00767AE2 /* StatsView.swift in Sources */ = {isa = PBXBuildFile; fileRef = 8B98776B2DBC2C0E00767AE2 /* StatsView.swift */; };
		8BD541912DBE812A00D5E1C3 /* WorkoutFlowUITests.swift in Sources */ = {isa = PBXBuildFile; fileRef = 8BD541832DBE812A00D5E1C3 /* WorkoutFlowUITests.swift */; };
		8BD541922DBE812A00D5E1C3 /* EnhancedActiveWorkoutViewModelTests.swift in Sources */ = {isa = PBXBuildFile; fileRef = 8BD5418A2DBE812A00D5E1C3 /* EnhancedActiveWorkoutViewModelTests.swift */; };
		8BD541932DBE812A00D5E1C3 /* TestHelpers.swift in Sources */ = {isa = PBXBuildFile; fileRef = 8BD5418E2DBE812A00D5E1C3 /* TestHelpers.swift */; };
		8BD541942DBE812A00D5E1C3 /* AppStateTests.swift in Sources */ = {isa = PBXBuildFile; fileRef = 8BD541872DBE812A00D5E1C3 /* AppStateTests.swift */; };
		8BD541952DBE812A00D5E1C3 /* Train.xctestplan in Resources */ = {isa = PBXBuildFile; fileRef = 8BD5418F2DBE812A00D5E1C3 /* Train.xctestplan */; };
		8BD541962DBE812A00D5E1C3 /* README.md in Resources */ = {isa = PBXBuildFile; fileRef = 8BD5418D2DBE812A00D5E1C3 /* README.md */; };
/* End PBXBuildFile section */

/* Begin PBXContainerItemProxy section */
		8B7A5A2E2DAA783D00404F43 /* PBXContainerItemProxy */ = {
			isa = PBXContainerItemProxy;
			containerPortal = 8B7BCF832D9DFD3F0089F6D3 /* Project object */;
			proxyType = 1;
			remoteGlobalIDString = 8B7BCF8A2D9DFD3F0089F6D3;
			remoteInfo = Train;
		};
/* End PBXContainerItemProxy section */

/* Begin PBXFileReference section */
		8B568C722DC37E21004A39C6 /* WorkoutManager.swift */ = {isa = PBXFileReference; lastKnownFileType = sourcecode.swift; path = WorkoutManager.swift; sourceTree = "<group>"; };
		8B568C752DC454C7004A39C6 /* MovementInfoSheet.swift */ = {isa = PBXFileReference; lastKnownFileType = sourcecode.swift; path = MovementInfoSheet.swift; sourceTree = "<group>"; };
		8B568C772DC4CF18004A39C6 /* SorenessCheckView.swift */ = {isa = PBXFileReference; lastKnownFileType = sourcecode.swift; path = SorenessCheckView.swift; sourceTree = "<group>"; };
		8B568C792DC62728004A39C6 /* Goals.swift */ = {isa = PBXFileReference; lastKnownFileType = sourcecode.swift; path = Goals.swift; sourceTree = "<group>"; };
		8B568C7B2DC62739004A39C6 /* MuscleGoalSelectionView.swift */ = {isa = PBXFileReference; lastKnownFileType = sourcecode.swift; path = MuscleGoalSelectionView.swift; sourceTree = "<group>"; };
		8B568C7F2DC64990004A39C6 /* AdaptivePlanSetupView.swift */ = {isa = PBXFileReference; lastKnownFileType = sourcecode.swift; path = AdaptivePlanSetupView.swift; sourceTree = "<group>"; };
		8B568C812DC64DBA004A39C6 /* AdaptivePlanModels.swift */ = {isa = PBXFileReference; lastKnownFileType = sourcecode.swift; path = AdaptivePlanModels.swift; sourceTree = "<group>"; };
		8B568C832DC64DCC004A39C6 /* AdaptivePlanQuestionComponents.swift */ = {isa = PBXFileReference; lastKnownFileType = sourcecode.swift; path = AdaptivePlanQuestionComponents.swift; sourceTree = "<group>"; };
		8B568C872DC659F0004A39C6 /* PlanGenerator.swift */ = {isa = PBXFileReference; lastKnownFileType = sourcecode.swift; path = PlanGenerator.swift; sourceTree = "<group>"; };
		8B568C892DC65B5C004A39C6 /* VolumeRampStrategy.swift */ = {isa = PBXFileReference; lastKnownFileType = sourcecode.swift; path = VolumeRampStrategy.swift; sourceTree = "<group>"; };
		8B568C8B2DC66853004A39C6 /* README.md */ = {isa = PBXFileReference; lastKnownFileType = net.daringfireball.markdown; path = README.md; sourceTree = "<group>"; };
		8B568C8D2DC67478004A39C6 /* PlanGeneratorTests.swift */ = {isa = PBXFileReference; lastKnownFileType = sourcecode.swift; path = PlanGeneratorTests.swift; sourceTree = "<group>"; };
		8B568C8F2DC68BC3004A39C6 /* GeneratedPlanEditorViewModel.swift */ = {isa = PBXFileReference; lastKnownFileType = sourcecode.swift; path = GeneratedPlanEditorViewModel.swift; sourceTree = "<group>"; };
		8B568C912DC68BDA004A39C6 /* GeneratedPlanEditorView.swift */ = {isa = PBXFileReference; lastKnownFileType = sourcecode.swift; path = GeneratedPlanEditorView.swift; sourceTree = "<group>"; };
		8B568C932DC6A4F1004A39C6 /* DefaultExerciseSelector.swift */ = {isa = PBXFileReference; lastKnownFileType = sourcecode.swift; path = DefaultExerciseSelector.swift; sourceTree = "<group>"; };
		8B568C952DC7D7E9004A39C6 /* TrainTests.xctestplan */ = {isa = PBXFileReference; lastKnownFileType = text; name = TrainTests.xctestplan; path = Testing/Tests/TrainTests.xctestplan; sourceTree = "<group>"; };
		8B56F2112DCAE87C00132675 /* PlanGenerator2.swift */ = {isa = PBXFileReference; lastKnownFileType = sourcecode.swift; path = PlanGenerator2.swift; sourceTree = "<group>"; };
		8B56F2132DCBA12800132675 /* PlanInput.swift */ = {isa = PBXFileReference; lastKnownFileType = sourcecode.swift; path = PlanInput.swift; sourceTree = "<group>"; };
		8B56F2152DCBA16700132675 /* PlanGenUtilities.swift */ = {isa = PBXFileReference; lastKnownFileType = sourcecode.swift; path = PlanGenUtilities.swift; sourceTree = "<group>"; };
		8B56F2192DD23EDA00132675 /* ExerciseFeedbackView.swift */ = {isa = PBXFileReference; lastKnownFileType = sourcecode.swift; path = ExerciseFeedbackView.swift; sourceTree = "<group>"; };
		8B56F21A2DD23EDA00132675 /* PostWorkoutFeedbackView.swift */ = {isa = PBXFileReference; lastKnownFileType = sourcecode.swift; path = PostWorkoutFeedbackView.swift; sourceTree = "<group>"; };
		8B56F21B2DD23EDA00132675 /* PreWorkoutFeedbackView.swift */ = {isa = PBXFileReference; lastKnownFileType = sourcecode.swift; path = PreWorkoutFeedbackView.swift; sourceTree = "<group>"; };
		8B56F2202DD23EEB00132675 /* WorkoutFeedback.swift */ = {isa = PBXFileReference; lastKnownFileType = sourcecode.swift; path = WorkoutFeedback.swift; sourceTree = "<group>"; };
		8B56F2222DD2D35700132675 /* AppState+Progression.swift */ = {isa = PBXFileReference; lastKnownFileType = sourcecode.swift; path = "AppState+Progression.swift"; sourceTree = "<group>"; };
		8B56F2262DD56E4300132675 /* ProgressionEngine.swift */ = {isa = PBXFileReference; lastKnownFileType = sourcecode.swift; path = ProgressionEngine.swift; sourceTree = "<group>"; };
		8B56F22D2DD5729200132675 /* ProgressionEngineTests.swift */ = {isa = PBXFileReference; lastKnownFileType = sourcecode.swift; path = ProgressionEngineTests.swift; sourceTree = "<group>"; };
		8B56F22F2DDEAC1700132675 /* NavigationDestinations.swift */ = {isa = PBXFileReference; lastKnownFileType = sourcecode.swift; path = NavigationDestinations.swift; sourceTree = "<group>"; };
		8B56F2322DDEB00C00132675 /* NavigationCoordinator.swift */ = {isa = PBXFileReference; lastKnownFileType = sourcecode.swift; path = NavigationCoordinator.swift; sourceTree = "<group>"; };
		8B56F25B2DE0071A00132675 /* AuthError.swift */ = {isa = PBXFileReference; lastKnownFileType = sourcecode.swift; path = AuthError.swift; sourceTree = "<group>"; };
		8B56F25C2DE0071A00132675 /* UserEntity.swift */ = {isa = PBXFileReference; lastKnownFileType = sourcecode.swift; path = UserEntity.swift; sourceTree = "<group>"; };
		8B56F25E2DE0071A00132675 /* AuthService.swift */ = {isa = PBXFileReference; lastKnownFileType = sourcecode.swift; path = AuthService.swift; sourceTree = "<group>"; };
		8B56F25F2DE0071A00132675 /* FirebaseAuthService.swift */ = {isa = PBXFileReference; lastKnownFileType = sourcecode.swift; path = FirebaseAuthService.swift; sourceTree = "<group>"; };
		8B56F2612DE0071A00132675 /* UserSessionManager.swift */ = {isa = PBXFileReference; lastKnownFileType = sourcecode.swift; path = UserSessionManager.swift; sourceTree = "<group>"; };
		8B56F2632DE0071A00132675 /* AccountView.swift */ = {isa = PBXFileReference; lastKnownFileType = sourcecode.swift; path = AccountView.swift; sourceTree = "<group>"; };
		8B56F2642DE0071A00132675 /* AppleSignInButton.swift */ = {isa = PBXFileReference; lastKnownFileType = sourcecode.swift; path = AppleSignInButton.swift; sourceTree = "<group>"; };
		8B56F2652DE0071A00132675 /* LoginView.swift */ = {isa = PBXFileReference; lastKnownFileType = sourcecode.swift; path = LoginView.swift; sourceTree = "<group>"; };
		8B56F2672DE0071A00132675 /* AuthenticationManager.swift */ = {isa = PBXFileReference; lastKnownFileType = sourcecode.swift; path = AuthenticationManager.swift; sourceTree = "<group>"; };
		8B56F2682DE0071A00132675 /* AuthView.swift */ = {isa = PBXFileReference; lastKnownFileType = sourcecode.swift; path = AuthView.swift; sourceTree = "<group>"; };
		8B56F2692DE0071A00132675 /* AuthViewModel.swift */ = {isa = PBXFileReference; lastKnownFileType = sourcecode.swift; path = AuthViewModel.swift; sourceTree = "<group>"; };
		8B56F26A2DE0071A00132675 /* UserSession.swift */ = {isa = PBXFileReference; lastKnownFileType = sourcecode.swift; path = UserSession.swift; sourceTree = "<group>"; };
		8B56F2782DE158B200132675 /* SocialFeed.md */ = {isa = PBXFileReference; lastKnownFileType = net.daringfireball.markdown; path = SocialFeed.md; sourceTree = "<group>"; };
		8B56F2792DE158B200132675 /* UserAccount_README.md */ = {isa = PBXFileReference; lastKnownFileType = net.daringfireball.markdown; path = UserAccount_README.md; sourceTree = "<group>"; };
		8B7A5A082DA9A5F700404F43 /* PlanDetailView.swift */ = {isa = PBXFileReference; fileEncoding = 4; lastKnownFileType = sourcecode.swift; path = PlanDetailView.swift; sourceTree = "<group>"; };
		8B7A5A2A2DAA783D00404F43 /* TrainTests.xctest */ = {isa = PBXFileReference; explicitFileType = wrapper.cfbundle; includeInIndex = 0; path = TrainTests.xctest; sourceTree = BUILT_PRODUCTS_DIR; };
		8B7A5A332DAA9F0D00404F43 /* CalendarCardViewModel.swift */ = {isa = PBXFileReference; fileEncoding = 4; lastKnownFileType = sourcecode.swift; path = CalendarCardViewModel.swift; sourceTree = "<group>"; };
		8B7A5A352DAAA08300404F43 /* TrainingType.swift */ = {isa = PBXFileReference; fileEncoding = 4; lastKnownFileType = sourcecode.swift; path = TrainingType.swift; sourceTree = "<group>"; };
		8B7A5A372DAB0CEF00404F43 /* UpcomingTrainingViewModel.swift */ = {isa = PBXFileReference; fileEncoding = 4; lastKnownFileType = sourcecode.swift; name = UpcomingTrainingViewModel.swift; path = Train/ViewModels/UpcomingTrainingViewModel.swift; sourceTree = SOURCE_ROOT; };
		8B7A5A392DABE3D000404F43 /* TodaysTrainingViewModel.swift */ = {isa = PBXFileReference; fileEncoding = 4; lastKnownFileType = sourcecode.swift; name = TodaysTrainingViewModel.swift; path = Train/ViewModels/TodaysTrainingViewModel.swift; sourceTree = SOURCE_ROOT; };
		8B7A5A3A2DABE3D000404F43 /* TrainingViewModel.swift */ = {isa = PBXFileReference; fileEncoding = 4; lastKnownFileType = sourcecode.swift; name = TrainingViewModel.swift; path = Train/ViewModels/TrainingViewModel.swift; sourceTree = SOURCE_ROOT; };
		8B7A5A3D2DABE3E200404F43 /* TodaysTrainingCard.swift */ = {isa = PBXFileReference; fileEncoding = 4; lastKnownFileType = sourcecode.swift; path = TodaysTrainingCard.swift; sourceTree = "<group>"; };
		8B7BCF8B2D9DFD3F0089F6D3 /* Train.app */ = {isa = PBXFileReference; explicitFileType = wrapper.application; includeInIndex = 0; path = Train.app; sourceTree = BUILT_PRODUCTS_DIR; };
		8B7BCF8E2D9DFD3F0089F6D3 /* TrainApp.swift */ = {isa = PBXFileReference; lastKnownFileType = sourcecode.swift; path = TrainApp.swift; sourceTree = "<group>"; };
		8B7BCF922D9DFD430089F6D3 /* Assets.xcassets */ = {isa = PBXFileReference; lastKnownFileType = folder.assetcatalog; path = Assets.xcassets; sourceTree = "<group>"; };
		8B7BCF952D9DFD430089F6D3 /* Preview Assets.xcassets */ = {isa = PBXFileReference; lastKnownFileType = folder.assetcatalog; path = "Preview Assets.xcassets"; sourceTree = "<group>"; };
		8B7BCF9E2D9E0AF90089F6D3 /* Train.entitlements */ = {isa = PBXFileReference; lastKnownFileType = text.plist.entitlements; path = Train.entitlements; sourceTree = "<group>"; };
		8B7BCFB92DA145110089F6D3 /* CalendarCardView.swift */ = {isa = PBXFileReference; fileEncoding = 4; lastKnownFileType = sourcecode.swift; path = CalendarCardView.swift; sourceTree = "<group>"; };
		8B7BCFBB2DA145110089F6D3 /* TrainingSession.swift */ = {isa = PBXFileReference; fileEncoding = 4; lastKnownFileType = sourcecode.swift; path = TrainingSession.swift; sourceTree = "<group>"; };
		8B7BCFD72DA145F20089F6D3 /* HealthKitManager.swift */ = {isa = PBXFileReference; fileEncoding = 4; lastKnownFileType = sourcecode.swift; name = HealthKitManager.swift; path = Train/ViewModels/HealthKitManager.swift; sourceTree = SOURCE_ROOT; };
		8B7BCFD92DA1460F0089F6D3 /* ActiveWorkoutView.swift */ = {isa = PBXFileReference; fileEncoding = 4; lastKnownFileType = sourcecode.swift; path = ActiveWorkoutView.swift; sourceTree = "<group>"; };
		8B7BCFDA2DA1460F0089F6D3 /* ContentView.swift */ = {isa = PBXFileReference; fileEncoding = 4; lastKnownFileType = sourcecode.swift; path = ContentView.swift; sourceTree = "<group>"; };
		8B7BCFDB2DA1460F0089F6D3 /* WeightInputAccessory.swift */ = {isa = PBXFileReference; fileEncoding = 4; lastKnownFileType = sourcecode.swift; path = WeightInputAccessory.swift; sourceTree = "<group>"; };
		8B7BCFDC2DA1460F0089F6D3 /* CustomNumberPadView.swift */ = {isa = PBXFileReference; fileEncoding = 4; lastKnownFileType = sourcecode.swift; path = CustomNumberPadView.swift; sourceTree = "<group>"; };
		8B7BCFDD2DA1460F0089F6D3 /* TrainingView.swift */ = {isa = PBXFileReference; fileEncoding = 4; lastKnownFileType = sourcecode.swift; path = TrainingView.swift; sourceTree = "<group>"; };
		8B7BCFDE2DA1460F0089F6D3 /* RestTimer.swift */ = {isa = PBXFileReference; fileEncoding = 4; lastKnownFileType = sourcecode.swift; path = RestTimer.swift; sourceTree = "<group>"; };
		8B7BCFEA2DA155280089F6D3 /* AppStyle.swift */ = {isa = PBXFileReference; fileEncoding = 4; lastKnownFileType = sourcecode.swift; path = AppStyle.swift; sourceTree = "<group>"; };
		8B7BD0132DA357FA0089F6D3 /* ExerciseSet.swift */ = {isa = PBXFileReference; fileEncoding = 4; lastKnownFileType = sourcecode.swift; path = ExerciseSet.swift; sourceTree = "<group>"; };
		8B7BD0142DA357FA0089F6D3 /* TrainingPlan.swift */ = {isa = PBXFileReference; fileEncoding = 4; lastKnownFileType = sourcecode.swift; path = TrainingPlan.swift; sourceTree = "<group>"; };
		8B7BD0152DA357FB0089F6D3 /* Workout.swift */ = {isa = PBXFileReference; fileEncoding = 4; lastKnownFileType = sourcecode.swift; path = Workout.swift; sourceTree = "<group>"; };
		8B7BD0172DA357FB0089F6D3 /* MuscleGroup.swift */ = {isa = PBXFileReference; fileEncoding = 4; lastKnownFileType = sourcecode.swift; path = MuscleGroup.swift; sourceTree = "<group>"; };
		8B7BD0182DA357FB0089F6D3 /* ExerciseInstance.swift */ = {isa = PBXFileReference; fileEncoding = 4; lastKnownFileType = sourcecode.swift; path = ExerciseInstance.swift; sourceTree = "<group>"; };
		8B7BD01F2DA35A540089F6D3 /* TrainingDataStore.swift */ = {isa = PBXFileReference; fileEncoding = 4; lastKnownFileType = sourcecode.swift; path = TrainingDataStore.swift; sourceTree = "<group>"; };
		8B7BD0202DA35A540089F6D3 /* TrainingDataRoot.swift */ = {isa = PBXFileReference; fileEncoding = 4; lastKnownFileType = sourcecode.swift; path = TrainingDataRoot.swift; sourceTree = "<group>"; };
		8B7BD0252DA35A630089F6D3 /* ActiveWorkoutViewModel.swift */ = {isa = PBXFileReference; fileEncoding = 4; lastKnownFileType = sourcecode.swift; path = ActiveWorkoutViewModel.swift; sourceTree = "<group>"; };
		8B7BD0272DA5EFD20089F6D3 /* MovementEntity.swift */ = {isa = PBXFileReference; fileEncoding = 4; lastKnownFileType = sourcecode.swift; path = MovementEntity.swift; sourceTree = "<group>"; };
		8B7BD0432DA6BA630089F6D3 /* TrainingPlanBuilder.swift */ = {isa = PBXFileReference; lastKnownFileType = sourcecode.swift; path = TrainingPlanBuilder.swift; sourceTree = "<group>"; };
		8B7BD0472DA74FCA0089F6D3 /* MovementLibrary.swift */ = {isa = PBXFileReference; fileEncoding = 4; lastKnownFileType = sourcecode.swift; name = MovementLibrary.swift; path = Train/Models/MovementLibrary.swift; sourceTree = SOURCE_ROOT; };
		8B7BD04A2DA752650089F6D3 /* PlansView.swift */ = {isa = PBXFileReference; fileEncoding = 4; lastKnownFileType = sourcecode.swift; path = PlansView.swift; sourceTree = "<group>"; };
		8B7BD04D2DA754F70089F6D3 /* PlanTemplatePickerView.swift */ = {isa = PBXFileReference; fileEncoding = 4; lastKnownFileType = sourcecode.swift; path = PlanTemplatePickerView.swift; sourceTree = "<group>"; };
		8B7BD0512DA755EB0089F6D3 /* PlanEditorView.swift */ = {isa = PBXFileReference; fileEncoding = 4; lastKnownFileType = sourcecode.swift; path = PlanEditorView.swift; sourceTree = "<group>"; };
		8B7BD0532DA755F40089F6D3 /* PlanEditorViewModel.swift */ = {isa = PBXFileReference; fileEncoding = 4; lastKnownFileType = sourcecode.swift; path = PlanEditorViewModel.swift; sourceTree = "<group>"; };
		8B7BD0552DA756A90089F6D3 /* MovementPickerView.swift */ = {isa = PBXFileReference; fileEncoding = 4; lastKnownFileType = sourcecode.swift; path = MovementPickerView.swift; sourceTree = "<group>"; };
		8B7BD0572DA756B00089F6D3 /* MovementPickerViewModel.swift */ = {isa = PBXFileReference; fileEncoding = 4; lastKnownFileType = sourcecode.swift; path = MovementPickerViewModel.swift; sourceTree = "<group>"; };
		8B7BD0592DA757440089F6D3 /* PlanSummaryViewModel.swift */ = {isa = PBXFileReference; fileEncoding = 4; lastKnownFileType = sourcecode.swift; path = PlanSummaryViewModel.swift; sourceTree = "<group>"; };
		8B7BD05B2DA757640089F6D3 /* PlanSummaryView.swift */ = {isa = PBXFileReference; fileEncoding = 4; lastKnownFileType = sourcecode.swift; path = PlanSummaryView.swift; sourceTree = "<group>"; };
		8B7BD05D2DA757900089F6D3 /* AppState.swift */ = {isa = PBXFileReference; fileEncoding = 4; lastKnownFileType = sourcecode.swift; path = AppState.swift; sourceTree = "<group>"; };
		8B98772C2DAF32D400767AE2 /* LoadingScreenView.swift */ = {isa = PBXFileReference; lastKnownFileType = sourcecode.swift; path = LoadingScreenView.swift; sourceTree = "<group>"; };
		8B9877302DB0311600767AE2 /* PlanTemplate.swift */ = {isa = PBXFileReference; fileEncoding = 4; lastKnownFileType = sourcecode.swift; path = PlanTemplate.swift; sourceTree = "<group>"; };
		8B9877432DB9B7B100767AE2 /* EnhancedTrainingView.swift */ = {isa = PBXFileReference; fileEncoding = 4; lastKnownFileType = sourcecode.swift; path = EnhancedTrainingView.swift; sourceTree = "<group>"; };
		8B9877442DB9B7B100767AE2 /* EnhancedActiveWorkoutView.swift */ = {isa = PBXFileReference; fileEncoding = 4; lastKnownFileType = sourcecode.swift; path = EnhancedActiveWorkoutView.swift; sourceTree = "<group>"; };
		8B9877472DB9B7B700767AE2 /* EnhancedTrainingViewModel.swift */ = {isa = PBXFileReference; fileEncoding = 4; lastKnownFileType = sourcecode.swift; name = EnhancedTrainingViewModel.swift; path = Train/ViewModels/EnhancedTrainingViewModel.swift; sourceTree = SOURCE_ROOT; };
		8B9877482DB9B7B700767AE2 /* EnhancedActiveWorkoutViewModel.swift */ = {isa = PBXFileReference; fileEncoding = 4; lastKnownFileType = sourcecode.swift; name = EnhancedActiveWorkoutViewModel.swift; path = Train/ViewModels/EnhancedActiveWorkoutViewModel.swift; sourceTree = SOURCE_ROOT; };
		8B98774B2DB9B88B00767AE2 /* ExerciseEditView.swift */ = {isa = PBXFileReference; fileEncoding = 4; lastKnownFileType = sourcecode.swift; path = ExerciseEditView.swift; sourceTree = "<group>"; };
		8B98774C2DB9B88B00767AE2 /* WorkoutCardView.swift */ = {isa = PBXFileReference; fileEncoding = 4; lastKnownFileType = sourcecode.swift; path = WorkoutCardView.swift; sourceTree = "<group>"; };
		8B9877502DBB0C1D00767AE2 /* MovementType.swift */ = {isa = PBXFileReference; fileEncoding = 4; lastKnownFileType = sourcecode.swift; path = MovementType.swift; sourceTree = "<group>"; };
		8B9877522DBB15B100767AE2 /* WorkoutDay.swift */ = {isa = PBXFileReference; fileEncoding = 4; lastKnownFileType = sourcecode.swift; path = WorkoutDay.swift; sourceTree = "<group>"; };
		8B9877542DBB195A00767AE2 /* DayPickerView.swift */ = {isa = PBXFileReference; fileEncoding = 4; lastKnownFileType = sourcecode.swift; name = DayPickerView.swift; path = Components/DayPickerView.swift; sourceTree = "<group>"; };
		8B9877562DBB25A900767AE2 /* EnhancedTrainingViewModel+WeekGrouping.swift */ = {isa = PBXFileReference; fileEncoding = 4; lastKnownFileType = sourcecode.swift; path = "EnhancedTrainingViewModel+WeekGrouping.swift"; sourceTree = "<group>"; };
		8B9877572DBB25A900767AE2 /* EnhancedActiveWorkoutViewModel+History.swift */ = {isa = PBXFileReference; fileEncoding = 4; lastKnownFileType = sourcecode.swift; path = "EnhancedActiveWorkoutViewModel+History.swift"; sourceTree = "<group>"; };
		8B98775A2DBB25C500767AE2 /* ExerciseHistoryIndicator.swift */ = {isa = PBXFileReference; fileEncoding = 4; lastKnownFileType = sourcecode.swift; path = ExerciseHistoryIndicator.swift; sourceTree = "<group>"; };
		8B98775B2DBB25C500767AE2 /* WeekSelectorView.swift */ = {isa = PBXFileReference; fileEncoding = 4; lastKnownFileType = sourcecode.swift; path = WeekSelectorView.swift; sourceTree = "<group>"; };
		8B98775E2DBBB0AA00767AE2 /* SwipeableExerciseCard.swift */ = {isa = PBXFileReference; fileEncoding = 4; lastKnownFileType = sourcecode.swift; path = SwipeableExerciseCard.swift; sourceTree = "<group>"; };
		8B9877692DBC2BC400767AE2 /* StatsViewModel.swift */ = {isa = PBXFileReference; fileEncoding = 4; lastKnownFileType = sourcecode.swift; path = StatsViewModel.swift; sourceTree = "<group>"; };
		8B98776B2DBC2C0E00767AE2 /* StatsView.swift */ = {isa = PBXFileReference; fileEncoding = 4; lastKnownFileType = sourcecode.swift; path = StatsView.swift; sourceTree = "<group>"; };
		8BD541832DBE812A00D5E1C3 /* WorkoutFlowUITests.swift */ = {isa = PBXFileReference; lastKnownFileType = sourcecode.swift; path = WorkoutFlowUITests.swift; sourceTree = "<group>"; };
		8BD541872DBE812A00D5E1C3 /* AppStateTests.swift */ = {isa = PBXFileReference; lastKnownFileType = sourcecode.swift; path = AppStateTests.swift; sourceTree = "<group>"; };
		8BD5418A2DBE812A00D5E1C3 /* EnhancedActiveWorkoutViewModelTests.swift */ = {isa = PBXFileReference; lastKnownFileType = sourcecode.swift; path = EnhancedActiveWorkoutViewModelTests.swift; sourceTree = "<group>"; };
		8BD5418D2DBE812A00D5E1C3 /* README.md */ = {isa = PBXFileReference; lastKnownFileType = net.daringfireball.markdown; path = README.md; sourceTree = "<group>"; };
		8BD5418E2DBE812A00D5E1C3 /* TestHelpers.swift */ = {isa = PBXFileReference; lastKnownFileType = sourcecode.swift; path = TestHelpers.swift; sourceTree = "<group>"; };
		8BD5418F2DBE812A00D5E1C3 /* Train.xctestplan */ = {isa = PBXFileReference; lastKnownFileType = text; path = Train.xctestplan; sourceTree = "<group>"; };
/* End PBXFileReference section */

/* Begin PBXFrameworksBuildPhase section */
		8B7A5A272DAA783D00404F43 /* Frameworks */ = {
			isa = PBXFrameworksBuildPhase;
			buildActionMask = 2147483647;
			files = (
			);
			runOnlyForDeploymentPostprocessing = 0;
		};
		8B7BCF882D9DFD3F0089F6D3 /* Frameworks */ = {
			isa = PBXFrameworksBuildPhase;
			buildActionMask = 2147483647;
			files = (
				8B56F23B2DE006A600132675 /* FirebaseAuth in Frameworks */,
				8B56F23D2DE006A600132675 /* FirebaseFirestore in Frameworks */,
			);
			runOnlyForDeploymentPostprocessing = 0;
		};
/* End PBXFrameworksBuildPhase section */

/* Begin PBXGroup section */
		8B568C732DC37E21004A39C6 /* Services */ = {
			isa = PBXGroup;
			children = (
				8B568C722DC37E21004A39C6 /* WorkoutManager.swift */,
			);
			path = Services;
			sourceTree = "<group>";
		};
		8B56F21C2DD23EDA00132675 /* Feedback */ = {
			isa = PBXGroup;
			children = (
				8B56F2192DD23EDA00132675 /* ExerciseFeedbackView.swift */,
				8B56F21A2DD23EDA00132675 /* PostWorkoutFeedbackView.swift */,
				8B56F21B2DD23EDA00132675 /* PreWorkoutFeedbackView.swift */,
			);
			path = Feedback;
			sourceTree = "<group>";
		};
		8B56F2282DD56E4300132675 /* Engine */ = {
			isa = PBXGroup;
			children = (
				8B56F2262DD56E4300132675 /* ProgressionEngine.swift */,
			);
			path = Engine;
			sourceTree = "<group>";
		};
		8B56F2302DDEAC1700132675 /* Navigation */ = {
			isa = PBXGroup;
			children = (
				8B56F22F2DDEAC1700132675 /* NavigationDestinations.swift */,
				8B56F2322DDEB00C00132675 /* NavigationCoordinator.swift */,
			);
			path = Navigation;
			sourceTree = "<group>";
		};
		8B56F2362DE003FF00132675 /* UserAccountImplementation */ = {
			isa = PBXGroup;
			children = (
				8B56F2782DE158B200132675 /* SocialFeed.md */,
				8B56F2792DE158B200132675 /* UserAccount_README.md */,
			);
			path = UserAccountImplementation;
			sourceTree = "<group>";
		};
		8B56F25D2DE0071A00132675 /* Models */ = {
			isa = PBXGroup;
			children = (
				8B56F25B2DE0071A00132675 /* AuthError.swift */,
				8B56F25C2DE0071A00132675 /* UserEntity.swift */,
			);
			path = Models;
			sourceTree = "<group>";
		};
		8B56F2602DE0071A00132675 /* Services */ = {
			isa = PBXGroup;
			children = (
				8B56F25E2DE0071A00132675 /* AuthService.swift */,
				8B56F25F2DE0071A00132675 /* FirebaseAuthService.swift */,
			);
			path = Services;
			sourceTree = "<group>";
		};
		8B56F2622DE0071A00132675 /* ViewModels */ = {
			isa = PBXGroup;
			children = (
				8B56F2612DE0071A00132675 /* UserSessionManager.swift */,
			);
			path = ViewModels;
			sourceTree = "<group>";
		};
		8B56F2662DE0071A00132675 /* Views */ = {
			isa = PBXGroup;
			children = (
				8B56F2632DE0071A00132675 /* AccountView.swift */,
				8B56F2642DE0071A00132675 /* AppleSignInButton.swift */,
				8B56F2652DE0071A00132675 /* LoginView.swift */,
			);
			path = Views;
			sourceTree = "<group>";
		};
		8B56F26B2DE0071A00132675 /* Auth */ = {
			isa = PBXGroup;
			children = (
				8B56F25D2DE0071A00132675 /* Models */,
				8B56F2602DE0071A00132675 /* Services */,
				8B56F2622DE0071A00132675 /* ViewModels */,
				8B56F2662DE0071A00132675 /* Views */,
				8B56F2672DE0071A00132675 /* AuthenticationManager.swift */,
				8B56F2682DE0071A00132675 /* AuthView.swift */,
				8B56F2692DE0071A00132675 /* AuthViewModel.swift */,
				8B56F26A2DE0071A00132675 /* UserSession.swift */,
			);
			path = Auth;
			sourceTree = "<group>";
		};
		8B7A5A192DA9FC4500404F43 /* Frameworks */ = {
			isa = PBXGroup;
			children = (
			);
			name = Frameworks;
			sourceTree = "<group>";
		};
		8B7BCF822D9DFD3F0089F6D3 = {
			isa = PBXGroup;
			children = (
				8B568C952DC7D7E9004A39C6 /* TrainTests.xctestplan */,
				8BD541812DBE810E00D5E1C3 /* Testing */,
				8B7BCF8D2D9DFD3F0089F6D3 /* Train */,
				8B7BCF8C2D9DFD3F0089F6D3 /* Products */,
				8B7A5A192DA9FC4500404F43 /* Frameworks */,
			);
			sourceTree = "<group>";
		};
		8B7BCF8C2D9DFD3F0089F6D3 /* Products */ = {
			isa = PBXGroup;
			children = (
				8B7BCF8B2D9DFD3F0089F6D3 /* Train.app */,
				8B7A5A2A2DAA783D00404F43 /* TrainTests.xctest */,
			);
			name = Products;
			sourceTree = "<group>";
		};
		8B7BCF8D2D9DFD3F0089F6D3 /* Train */ = {
			isa = PBXGroup;
			children = (
				8B56F26B2DE0071A00132675 /* Auth */,
				8B56F2362DE003FF00132675 /* UserAccountImplementation */,
				8B56F2302DDEAC1700132675 /* Navigation */,
				8B56F2282DD56E4300132675 /* Engine */,
				8B568C732DC37E21004A39C6 /* Services */,
				8B7BCF9E2D9E0AF90089F6D3 /* Train.entitlements */,
				8B7BCF8E2D9DFD3F0089F6D3 /* TrainApp.swift */,
				8B7BD05E2DA757900089F6D3 /* State */,
				8B7BCFBC2DA145110089F6D3 /* Models */,
				8B7BCFB82DA145110089F6D3 /* ViewModels */,
				8B7BCFBA2DA145110089F6D3 /* Views */,
				8B7BCF922D9DFD430089F6D3 /* Assets.xcassets */,
				8B7BCF942D9DFD430089F6D3 /* Preview Content */,
			);
			path = Train;
			sourceTree = "<group>";
		};
		8B7BCF942D9DFD430089F6D3 /* Preview Content */ = {
			isa = PBXGroup;
			children = (
				8B7BCF952D9DFD430089F6D3 /* Preview Assets.xcassets */,
			);
			path = "Preview Content";
			sourceTree = "<group>";
		};
		8B7BCFB82DA145110089F6D3 /* ViewModels */ = {
			isa = PBXGroup;
			children = (
				8B7BD0252DA35A630089F6D3 /* ActiveWorkoutViewModel.swift */,
				8B7BD0532DA755F40089F6D3 /* PlanEditorViewModel.swift */,
				8B9877692DBC2BC400767AE2 /* StatsViewModel.swift */,
				8B7BD0592DA757440089F6D3 /* PlanSummaryViewModel.swift */,
				8B7BD0572DA756B00089F6D3 /* MovementPickerViewModel.swift */,
				8B568C8F2DC68BC3004A39C6 /* GeneratedPlanEditorViewModel.swift */,
				8B9877572DBB25A900767AE2 /* EnhancedActiveWorkoutViewModel+History.swift */,
				8B9877562DBB25A900767AE2 /* EnhancedTrainingViewModel+WeekGrouping.swift */,
				8B9877482DB9B7B700767AE2 /* EnhancedActiveWorkoutViewModel.swift */,
				8B9877472DB9B7B700767AE2 /* EnhancedTrainingViewModel.swift */,
				8B7BCFD72DA145F20089F6D3 /* HealthKitManager.swift */,
				8B7A5A332DAA9F0D00404F43 /* CalendarCardViewModel.swift */,
				8B7A5A372DAB0CEF00404F43 /* UpcomingTrainingViewModel.swift */,
				8B7A5A392DABE3D000404F43 /* TodaysTrainingViewModel.swift */,
				8B7A5A3A2DABE3D000404F43 /* TrainingViewModel.swift */,
			);
			path = ViewModels;
			sourceTree = "<group>";
		};
		8B7BCFBA2DA145110089F6D3 /* Views */ = {
			isa = PBXGroup;
			children = (
				8B7BCFD92DA1460F0089F6D3 /* ActiveWorkoutView.swift */,
				8B56F21C2DD23EDA00132675 /* Feedback */,
				8B568C772DC4CF18004A39C6 /* SorenessCheckView.swift */,
				8B568C7B2DC62739004A39C6 /* MuscleGoalSelectionView.swift */,
				8B568C912DC68BDA004A39C6 /* GeneratedPlanEditorView.swift */,
				8B9877442DB9B7B100767AE2 /* EnhancedActiveWorkoutView.swift */,
				8B98774D2DB9B88B00767AE2 /* Components */,
				8B9877432DB9B7B100767AE2 /* EnhancedTrainingView.swift */,
				8B7BD05B2DA757640089F6D3 /* PlanSummaryView.swift */,
				8B98776B2DBC2C0E00767AE2 /* StatsView.swift */,
				8B98772C2DAF32D400767AE2 /* LoadingScreenView.swift */,
				8B7BD04D2DA754F70089F6D3 /* PlanTemplatePickerView.swift */,
				8B568C7F2DC64990004A39C6 /* AdaptivePlanSetupView.swift */,
				8B7BD0512DA755EB0089F6D3 /* PlanEditorView.swift */,
				8B9877542DBB195A00767AE2 /* DayPickerView.swift */,
				8B7BD0552DA756A90089F6D3 /* MovementPickerView.swift */,
				8B7BD04A2DA752650089F6D3 /* PlansView.swift */,
				8B7A5A082DA9A5F700404F43 /* PlanDetailView.swift */,
				8B7BCFDA2DA1460F0089F6D3 /* ContentView.swift */,
				8B7A5A3D2DABE3E200404F43 /* TodaysTrainingCard.swift */,
				8B7BCFEB2DA155280089F6D3 /* Style */,
				8B7BCFDC2DA1460F0089F6D3 /* CustomNumberPadView.swift */,
				8B7BCFDE2DA1460F0089F6D3 /* RestTimer.swift */,
				8B7BCFDD2DA1460F0089F6D3 /* TrainingView.swift */,
				8B7BCFDB2DA1460F0089F6D3 /* WeightInputAccessory.swift */,
				8B7BCFB92DA145110089F6D3 /* CalendarCardView.swift */,
			);
			path = Views;
			sourceTree = "<group>";
		};
		8B7BCFBC2DA145110089F6D3 /* Models */ = {
			isa = PBXGroup;
			children = (
				8B568C812DC64DBA004A39C6 /* AdaptivePlanModels.swift */,
				8B7BD0272DA5EFD20089F6D3 /* MovementEntity.swift */,
				8B56F2202DD23EEB00132675 /* WorkoutFeedback.swift */,
				8B7BD0472DA74FCA0089F6D3 /* MovementLibrary.swift */,
				8B56F2132DCBA12800132675 /* PlanInput.swift */,
				8B9877522DBB15B100767AE2 /* WorkoutDay.swift */,
				8B568C932DC6A4F1004A39C6 /* DefaultExerciseSelector.swift */,
				8B9877502DBB0C1D00767AE2 /* MovementType.swift */,
				8B568C872DC659F0004A39C6 /* PlanGenerator.swift */,
				8B56F2112DCAE87C00132675 /* PlanGenerator2.swift */,
				8B56F2152DCBA16700132675 /* PlanGenUtilities.swift */,
				8B568C8B2DC66853004A39C6 /* README.md */,
				8B568C892DC65B5C004A39C6 /* VolumeRampStrategy.swift */,
				8B7BD0202DA35A540089F6D3 /* TrainingDataRoot.swift */,
				8B7BD01F2DA35A540089F6D3 /* TrainingDataStore.swift */,
				8B7BD0182DA357FB0089F6D3 /* ExerciseInstance.swift */,
				8B7BD0132DA357FA0089F6D3 /* ExerciseSet.swift */,
				8B7BD0172DA357FB0089F6D3 /* MuscleGroup.swift */,
				8B568C792DC62728004A39C6 /* Goals.swift */,
				8B9877302DB0311600767AE2 /* PlanTemplate.swift */,
				8B7BD0142DA357FA0089F6D3 /* TrainingPlan.swift */,
				8B7BD0432DA6BA630089F6D3 /* TrainingPlanBuilder.swift */,
				8B7BD0152DA357FB0089F6D3 /* Workout.swift */,
				8B7BCFBB2DA145110089F6D3 /* TrainingSession.swift */,
				8B7A5A352DAAA08300404F43 /* TrainingType.swift */,
			);
			path = Models;
			sourceTree = "<group>";
		};
		8B7BCFEB2DA155280089F6D3 /* Style */ = {
			isa = PBXGroup;
			children = (
				8B7BCFEA2DA155280089F6D3 /* AppStyle.swift */,
			);
			path = Style;
			sourceTree = "<group>";
		};
		8B7BD05E2DA757900089F6D3 /* State */ = {
			isa = PBXGroup;
			children = (
				8B7BD05D2DA757900089F6D3 /* AppState.swift */,
				8B56F2222DD2D35700132675 /* AppState+Progression.swift */,
			);
			name = State;
			path = Train/State;
			sourceTree = SOURCE_ROOT;
		};
		8B98774D2DB9B88B00767AE2 /* Components */ = {
			isa = PBXGroup;
			children = (
				8B568C832DC64DCC004A39C6 /* AdaptivePlanQuestionComponents.swift */,
				8B98775E2DBBB0AA00767AE2 /* SwipeableExerciseCard.swift */,
				8B568C752DC454C7004A39C6 /* MovementInfoSheet.swift */,
				8B98775A2DBB25C500767AE2 /* ExerciseHistoryIndicator.swift */,
				8B98775B2DBB25C500767AE2 /* WeekSelectorView.swift */,
				8B98774B2DB9B88B00767AE2 /* ExerciseEditView.swift */,
				8B98774C2DB9B88B00767AE2 /* WorkoutCardView.swift */,
			);
			path = Components;
			sourceTree = "<group>";
		};
		8BD541812DBE810E00D5E1C3 /* Testing */ = {
			isa = PBXGroup;
			children = (
				8BD541902DBE812A00D5E1C3 /* Tests */,
			);
			path = Testing;
			sourceTree = "<group>";
		};
		8BD541822DBE812A00D5E1C3 /* TrainingFlow */ = {
			isa = PBXGroup;
			children = (
			);
			path = TrainingFlow;
			sourceTree = "<group>";
		};
		8BD541842DBE812A00D5E1C3 /* WorkoutFlow */ = {
			isa = PBXGroup;
			children = (
				8BD541832DBE812A00D5E1C3 /* WorkoutFlowUITests.swift */,
			);
			path = WorkoutFlow;
			sourceTree = "<group>";
		};
		8BD541852DBE812A00D5E1C3 /* Flows */ = {
			isa = PBXGroup;
			children = (
				8BD541822DBE812A00D5E1C3 /* TrainingFlow */,
				8BD541842DBE812A00D5E1C3 /* WorkoutFlow */,
			);
			path = Flows;
			sourceTree = "<group>";
		};
		8BD541862DBE812A00D5E1C3 /* UITests */ = {
			isa = PBXGroup;
			children = (
				8BD541852DBE812A00D5E1C3 /* Flows */,
			);
			path = UITests;
			sourceTree = "<group>";
		};
		8BD541882DBE812A00D5E1C3 /* Services */ = {
			isa = PBXGroup;
			children = (
				8BD541872DBE812A00D5E1C3 /* AppStateTests.swift */,
			);
			path = Services;
			sourceTree = "<group>";
		};
		8BD541892DBE812A00D5E1C3 /* Utilities */ = {
			isa = PBXGroup;
			children = (
			);
			path = Utilities;
			sourceTree = "<group>";
		};
		8BD5418B2DBE812A00D5E1C3 /* ViewModels */ = {
			isa = PBXGroup;
			children = (
				8BD5418A2DBE812A00D5E1C3 /* EnhancedActiveWorkoutViewModelTests.swift */,
			);
			path = ViewModels;
			sourceTree = "<group>";
		};
		8BD5418C2DBE812A00D5E1C3 /* UnitTests */ = {
			isa = PBXGroup;
			children = (
				8B568C8D2DC67478004A39C6 /* PlanGeneratorTests.swift */,
				8B56F22D2DD5729200132675 /* ProgressionEngineTests.swift */,
				8BD541882DBE812A00D5E1C3 /* Services */,
				8BD541892DBE812A00D5E1C3 /* Utilities */,
				8BD5418B2DBE812A00D5E1C3 /* ViewModels */,
			);
			path = UnitTests;
			sourceTree = "<group>";
		};
		8BD541902DBE812A00D5E1C3 /* Tests */ = {
			isa = PBXGroup;
			children = (
				8BD541862DBE812A00D5E1C3 /* UITests */,
				8BD5418C2DBE812A00D5E1C3 /* UnitTests */,
				8BD5418D2DBE812A00D5E1C3 /* README.md */,
				8BD5418E2DBE812A00D5E1C3 /* TestHelpers.swift */,
				8BD5418F2DBE812A00D5E1C3 /* Train.xctestplan */,
			);
			path = Tests;
			sourceTree = "<group>";
		};
/* End PBXGroup section */

/* Begin PBXNativeTarget section */
		8B7A5A292DAA783D00404F43 /* TrainTests */ = {
			isa = PBXNativeTarget;
			buildConfigurationList = 8B7A5A302DAA783D00404F43 /* Build configuration list for PBXNativeTarget "TrainTests" */;
			buildPhases = (
				8B7A5A262DAA783D00404F43 /* Sources */,
				8B7A5A272DAA783D00404F43 /* Frameworks */,
				8B7A5A282DAA783D00404F43 /* Resources */,
			);
			buildRules = (
			);
			dependencies = (
				8B7A5A2F2DAA783D00404F43 /* PBXTargetDependency */,
			);
			name = TrainTests;
			productName = TrainTests;
			productReference = 8B7A5A2A2DAA783D00404F43 /* TrainTests.xctest */;
			productType = "com.apple.product-type.bundle.unit-test";
		};
		8B7BCF8A2D9DFD3F0089F6D3 /* Train */ = {
			isa = PBXNativeTarget;
			buildConfigurationList = 8B7BCF992D9DFD430089F6D3 /* Build configuration list for PBXNativeTarget "Train" */;
			buildPhases = (
				8B7BCF872D9DFD3F0089F6D3 /* Sources */,
				8B7BCF882D9DFD3F0089F6D3 /* Frameworks */,
				8B7BCF892D9DFD3F0089F6D3 /* Resources */,
			);
			buildRules = (
			);
			dependencies = (
			);
			name = Train;
			productName = Train;
			productReference = 8B7BCF8B2D9DFD3F0089F6D3 /* Train.app */;
			productType = "com.apple.product-type.application";
		};
/* End PBXNativeTarget section */

/* Begin PBXProject section */
		8B7BCF832D9DFD3F0089F6D3 /* Project object */ = {
			isa = PBXProject;
			attributes = {
				BuildIndependentTargetsInParallel = 1;
				LastSwiftUpdateCheck = 1540;
				LastUpgradeCheck = 1540;
				TargetAttributes = {
					8B7A5A292DAA783D00404F43 = {
						CreatedOnToolsVersion = 15.4;
						TestTargetID = 8B7BCF8A2D9DFD3F0089F6D3;
					};
					8B7BCF8A2D9DFD3F0089F6D3 = {
						CreatedOnToolsVersion = 15.4;
					};
				};
			};
			buildConfigurationList = 8B7BCF862D9DFD3F0089F6D3 /* Build configuration list for PBXProject "Train" */;
			compatibilityVersion = "Xcode 14.0";
			developmentRegion = en;
			hasScannedForEncodings = 0;
			knownRegions = (
				en,
				Base,
			);
			mainGroup = 8B7BCF822D9DFD3F0089F6D3;
			packageReferences = (
				8B56F2392DE006A600132675 /* XCRemoteSwiftPackageReference "firebase-ios-sdk" */,
			);
			productRefGroup = 8B7BCF8C2D9DFD3F0089F6D3 /* Products */;
			projectDirPath = "";
			projectRoot = "";
			targets = (
				8B7BCF8A2D9DFD3F0089F6D3 /* Train */,
				8B7A5A292DAA783D00404F43 /* TrainTests */,
			);
		};
/* End PBXProject section */

/* Begin PBXResourcesBuildPhase section */
		8B7A5A282DAA783D00404F43 /* Resources */ = {
			isa = PBXResourcesBuildPhase;
			buildActionMask = 2147483647;
			files = (
				8BD541952DBE812A00D5E1C3 /* Train.xctestplan in Resources */,
				8BD541962DBE812A00D5E1C3 /* README.md in Resources */,
			);
			runOnlyForDeploymentPostprocessing = 0;
		};
		8B7BCF892D9DFD3F0089F6D3 /* Resources */ = {
			isa = PBXResourcesBuildPhase;
			buildActionMask = 2147483647;
			files = (
				8B56F27A2DE158B200132675 /* UserAccount_README.md in Resources */,
				8B56F27B2DE158B200132675 /* SocialFeed.md in Resources */,
				8B568C8C2DC66853004A39C6 /* README.md in Resources */,
				8B7BCF962D9DFD430089F6D3 /* Preview Assets.xcassets in Resources */,
				8B7BCF932D9DFD430089F6D3 /* Assets.xcassets in Resources */,
			);
			runOnlyForDeploymentPostprocessing = 0;
		};
/* End PBXResourcesBuildPhase section */

/* Begin PBXSourcesBuildPhase section */
		8B7A5A262DAA783D00404F43 /* Sources */ = {
			isa = PBXSourcesBuildPhase;
			buildActionMask = 2147483647;
			files = (
				8BD541912DBE812A00D5E1C3 /* WorkoutFlowUITests.swift in Sources */,
				8BD541922DBE812A00D5E1C3 /* EnhancedActiveWorkoutViewModelTests.swift in Sources */,
				8B568C8E2DC67478004A39C6 /* PlanGeneratorTests.swift in Sources */,
				8BD541932DBE812A00D5E1C3 /* TestHelpers.swift in Sources */,
				8BD541942DBE812A00D5E1C3 /* AppStateTests.swift in Sources */,
				8B56F22E2DD5729200132675 /* ProgressionEngineTests.swift in Sources */,
			);
			runOnlyForDeploymentPostprocessing = 0;
		};
		8B7BCF872D9DFD3F0089F6D3 /* Sources */ = {
			isa = PBXSourcesBuildPhase;
			buildActionMask = 2147483647;
			files = (
				8B7BCFE32DA1460F0089F6D3 /* TrainingView.swift in Sources */,
				8B7BCFE42DA1460F0089F6D3 /* RestTimer.swift in Sources */,
				8B98775F2DBBB0AA00767AE2 /* SwipeableExerciseCard.swift in Sources */,
				8B568C8A2DC65B5C004A39C6 /* VolumeRampStrategy.swift in Sources */,
				8B7BD05C2DA757640089F6D3 /* PlanSummaryView.swift in Sources */,
				8B56F2162DCBA16D00132675 /* PlanGenUtilities.swift in Sources */,
				8B568C762DC454C7004A39C6 /* MovementInfoSheet.swift in Sources */,
				8B56F26C2DE0071A00132675 /* AuthViewModel.swift in Sources */,
				8B56F26D2DE0071A00132675 /* FirebaseAuthService.swift in Sources */,
				8B56F26E2DE0071A00132675 /* UserEntity.swift in Sources */,
				8B56F26F2DE0071A00132675 /* AuthView.swift in Sources */,
				8B56F2702DE0071A00132675 /* LoginView.swift in Sources */,
				8B56F2712DE0071A00132675 /* UserSessionManager.swift in Sources */,
				8B56F2722DE0071A00132675 /* AuthService.swift in Sources */,
				8B56F2732DE0071A00132675 /* AuthenticationManager.swift in Sources */,
				8B56F2742DE0071A00132675 /* AppleSignInButton.swift in Sources */,
				8B56F2752DE0071A00132675 /* AuthError.swift in Sources */,
				8B56F2762DE0071A00132675 /* AccountView.swift in Sources */,
				8B56F2772DE0071A00132675 /* UserSession.swift in Sources */,
				8B568C7C2DC62739004A39C6 /* MuscleGoalSelectionView.swift in Sources */,
				8B568C882DC659F0004A39C6 /* PlanGenerator.swift in Sources */,
				8B56F2212DD23EEB00132675 /* WorkoutFeedback.swift in Sources */,
				8B7BD05A2DA757440089F6D3 /* PlanSummaryViewModel.swift in Sources */,
				8B568C782DC4CF18004A39C6 /* SorenessCheckView.swift in Sources */,
				8B7BCFE12DA1460F0089F6D3 /* WeightInputAccessory.swift in Sources */,
				8B7BCFEC2DA155280089F6D3 /* AppStyle.swift in Sources */,
				8B7BD04C2DA752650089F6D3 /* PlansView.swift in Sources */,
				8B7BD01A2DA357FB0089F6D3 /* TrainingPlan.swift in Sources */,
				8B7BCFE02DA1460F0089F6D3 /* ContentView.swift in Sources */,
				8B9877462DB9B7B100767AE2 /* EnhancedActiveWorkoutView.swift in Sources */,
				8B568C842DC64DCC004A39C6 /* AdaptivePlanQuestionComponents.swift in Sources */,
				8B7BD0222DA35A540089F6D3 /* TrainingDataStore.swift in Sources */,
				8B7A5A3C2DABE3D000404F43 /* TrainingViewModel.swift in Sources */,
				8B568C822DC64DBA004A39C6 /* AdaptivePlanModels.swift in Sources */,
				8B9877452DB9B7B100767AE2 /* EnhancedTrainingView.swift in Sources */,
				8B56F2312DDEAC1700132675 /* NavigationDestinations.swift in Sources */,
				8B98772D2DAF32D400767AE2 /* LoadingScreenView.swift in Sources */,
				8B7BD0482DA74FCB0089F6D3 /* MovementLibrary.swift in Sources */,
				8B7A5A3E2DABE3E200404F43 /* TodaysTrainingCard.swift in Sources */,
				8B568C942DC6A4F1004A39C6 /* DefaultExerciseSelector.swift in Sources */,
				8B56F2122DCAE88300132675 /* PlanGenerator2.swift in Sources */,
				8B7BCFD82DA145F20089F6D3 /* HealthKitManager.swift in Sources */,
				8B568C802DC64990004A39C6 /* AdaptivePlanSetupView.swift in Sources */,
				8B568C7A2DC62728004A39C6 /* Goals.swift in Sources */,
				8B56F22A2DD56E4300132675 /* ProgressionEngine.swift in Sources */,
				8B7BCFBE2DA145110089F6D3 /* CalendarCardView.swift in Sources */,
				8B56F2232DD2D35700132675 /* AppState+Progression.swift in Sources */,
				8B7BD0582DA756B00089F6D3 /* MovementPickerViewModel.swift in Sources */,
				8B7BD05F2DA757900089F6D3 /* AppState.swift in Sources */,
				8B9877532DBB15B100767AE2 /* WorkoutDay.swift in Sources */,
				8B98776A2DBC2BC400767AE2 /* StatsViewModel.swift in Sources */,
				8B7BD04E2DA754F70089F6D3 /* PlanTemplatePickerView.swift in Sources */,
				8B7BD0542DA755F40089F6D3 /* PlanEditorViewModel.swift in Sources */,
				8B98774F2DB9B88B00767AE2 /* WorkoutCardView.swift in Sources */,
				8B7A5A3B2DABE3D000404F43 /* TodaysTrainingViewModel.swift in Sources */,
				8B7BD01D2DA357FB0089F6D3 /* MuscleGroup.swift in Sources */,
				8B7BD01B2DA357FB0089F6D3 /* Workout.swift in Sources */,
				8B7BD0522DA755EB0089F6D3 /* PlanEditorView.swift in Sources */,
				8B7A5A092DA9A5F700404F43 /* PlanDetailView.swift in Sources */,
				8B98774E2DB9B88B00767AE2 /* ExerciseEditView.swift in Sources */,
				8B9877312DB0311600767AE2 /* PlanTemplate.swift in Sources */,
				8B9877582DBB25AA00767AE2 /* EnhancedTrainingViewModel+WeekGrouping.swift in Sources */,
				8B568C922DC68BDA004A39C6 /* GeneratedPlanEditorView.swift in Sources */,
				8B7BCFE22DA1460F0089F6D3 /* CustomNumberPadView.swift in Sources */,
				8B7BCF8F2D9DFD3F0089F6D3 /* TrainApp.swift in Sources */,
				8B7BD0232DA35A540089F6D3 /* TrainingDataRoot.swift in Sources */,
				8B9877552DBB195A00767AE2 /* DayPickerView.swift in Sources */,
				8B98775C2DBB25C500767AE2 /* ExerciseHistoryIndicator.swift in Sources */,
				8B9877492DB9B7B700767AE2 /* EnhancedTrainingViewModel.swift in Sources */,
				8B56F2142DCBA12B00132675 /* PlanInput.swift in Sources */,
				8B56F2332DDEB00C00132675 /* NavigationCoordinator.swift in Sources */,
				8B98774A2DB9B7B700767AE2 /* EnhancedActiveWorkoutViewModel.swift in Sources */,
				8B7A5A342DAA9F0D00404F43 /* CalendarCardViewModel.swift in Sources */,
				8B98775D2DBB25C500767AE2 /* WeekSelectorView.swift in Sources */,
				8B7BD0192DA357FB0089F6D3 /* ExerciseSet.swift in Sources */,
				8B56F21D2DD23EDA00132675 /* PreWorkoutFeedbackView.swift in Sources */,
				8B56F21E2DD23EDA00132675 /* PostWorkoutFeedbackView.swift in Sources */,
				8B56F21F2DD23EDA00132675 /* ExerciseFeedbackView.swift in Sources */,
				8B568C902DC68BC3004A39C6 /* GeneratedPlanEditorViewModel.swift in Sources */,
				8B7A5A382DAB0CF000404F43 /* UpcomingTrainingViewModel.swift in Sources */,
				8B7BCFDF2DA1460F0089F6D3 /* ActiveWorkoutView.swift in Sources */,
				8B7BD01E2DA357FB0089F6D3 /* ExerciseInstance.swift in Sources */,
				8B568C742DC37E21004A39C6 /* WorkoutManager.swift in Sources */,
				8B7BD0442DA6BA630089F6D3 /* TrainingPlanBuilder.swift in Sources */,
				8B9877512DBB0C1D00767AE2 /* MovementType.swift in Sources */,
				8B7A5A362DAAA08300404F43 /* TrainingType.swift in Sources */,
				8B7BD0262DA35A630089F6D3 /* ActiveWorkoutViewModel.swift in Sources */,
				8B9877592DBB25AA00767AE2 /* EnhancedActiveWorkoutViewModel+History.swift in Sources */,
				8B98776C2DBC2C0E00767AE2 /* StatsView.swift in Sources */,
				8B7BCFBF2DA145110089F6D3 /* TrainingSession.swift in Sources */,
				8B7BD0282DA5EFD20089F6D3 /* MovementEntity.swift in Sources */,
				8B7BD0562DA756A90089F6D3 /* MovementPickerView.swift in Sources */,
			);
			runOnlyForDeploymentPostprocessing = 0;
		};
/* End PBXSourcesBuildPhase section */

/* Begin PBXTargetDependency section */
		8B7A5A2F2DAA783D00404F43 /* PBXTargetDependency */ = {
			isa = PBXTargetDependency;
			target = 8B7BCF8A2D9DFD3F0089F6D3 /* Train */;
			targetProxy = 8B7A5A2E2DAA783D00404F43 /* PBXContainerItemProxy */;
		};
/* End PBXTargetDependency section */

/* Begin XCBuildConfiguration section */
		8B7A5A312DAA783D00404F43 /* Debug */ = {
			isa = XCBuildConfiguration;
			buildSettings = {
				BUNDLE_LOADER = "$(TEST_HOST)";
				CODE_SIGN_STYLE = Automatic;
				CURRENT_PROJECT_VERSION = 1;
				DEVELOPMENT_TEAM = 7229M3R3PU;
				GENERATE_INFOPLIST_FILE = YES;
				MARKETING_VERSION = 1.0;
				PRODUCT_BUNDLE_IDENTIFIER = seanmaloney.TrainTests;
				PRODUCT_NAME = "$(TARGET_NAME)";
				SWIFT_EMIT_LOC_STRINGS = NO;
				SWIFT_VERSION = 6.0;
				TARGETED_DEVICE_FAMILY = "1,2";
				TEST_HOST = "$(BUILT_PRODUCTS_DIR)/Train.app/$(BUNDLE_EXECUTABLE_FOLDER_PATH)/Train";
			};
			name = Debug;
		};
		8B7A5A322DAA783D00404F43 /* Release */ = {
			isa = XCBuildConfiguration;
			buildSettings = {
				BUNDLE_LOADER = "$(TEST_HOST)";
				CODE_SIGN_STYLE = Automatic;
				CURRENT_PROJECT_VERSION = 1;
				DEVELOPMENT_TEAM = 7229M3R3PU;
				GENERATE_INFOPLIST_FILE = YES;
				MARKETING_VERSION = 1.0;
				PRODUCT_BUNDLE_IDENTIFIER = seanmaloney.TrainTests;
				PRODUCT_NAME = "$(TARGET_NAME)";
				SWIFT_EMIT_LOC_STRINGS = NO;
				SWIFT_VERSION = 6.0;
				TARGETED_DEVICE_FAMILY = "1,2";
				TEST_HOST = "$(BUILT_PRODUCTS_DIR)/Train.app/$(BUNDLE_EXECUTABLE_FOLDER_PATH)/Train";
			};
			name = Release;
		};
		8B7BCF972D9DFD430089F6D3 /* Debug */ = {
			isa = XCBuildConfiguration;
			buildSettings = {
				ALWAYS_SEARCH_USER_PATHS = NO;
				ASSETCATALOG_COMPILER_GENERATE_SWIFT_ASSET_SYMBOL_EXTENSIONS = YES;
				CLANG_ANALYZER_NONNULL = YES;
				CLANG_ANALYZER_NUMBER_OBJECT_CONVERSION = YES_AGGRESSIVE;
				CLANG_CXX_LANGUAGE_STANDARD = "gnu++20";
				CLANG_ENABLE_MODULES = YES;
				CLANG_ENABLE_OBJC_ARC = YES;
				CLANG_ENABLE_OBJC_WEAK = YES;
				CLANG_WARN_BLOCK_CAPTURE_AUTORELEASING = YES;
				CLANG_WARN_BOOL_CONVERSION = YES;
				CLANG_WARN_COMMA = YES;
				CLANG_WARN_CONSTANT_CONVERSION = YES;
				CLANG_WARN_DEPRECATED_OBJC_IMPLEMENTATIONS = YES;
				CLANG_WARN_DIRECT_OBJC_ISA_USAGE = YES_ERROR;
				CLANG_WARN_DOCUMENTATION_COMMENTS = YES;
				CLANG_WARN_EMPTY_BODY = YES;
				CLANG_WARN_ENUM_CONVERSION = YES;
				CLANG_WARN_INFINITE_RECURSION = YES;
				CLANG_WARN_INT_CONVERSION = YES;
				CLANG_WARN_NON_LITERAL_NULL_CONVERSION = YES;
				CLANG_WARN_OBJC_IMPLICIT_RETAIN_SELF = YES;
				CLANG_WARN_OBJC_LITERAL_CONVERSION = YES;
				CLANG_WARN_OBJC_ROOT_CLASS = YES_ERROR;
				CLANG_WARN_QUOTED_INCLUDE_IN_FRAMEWORK_HEADER = YES;
				CLANG_WARN_RANGE_LOOP_ANALYSIS = YES;
				CLANG_WARN_STRICT_PROTOTYPES = YES;
				CLANG_WARN_SUSPICIOUS_MOVE = YES;
				CLANG_WARN_UNGUARDED_AVAILABILITY = YES_AGGRESSIVE;
				CLANG_WARN_UNREACHABLE_CODE = YES;
				CLANG_WARN__DUPLICATE_METHOD_MATCH = YES;
				COPY_PHASE_STRIP = NO;
				DEBUG_INFORMATION_FORMAT = dwarf;
				ENABLE_STRICT_OBJC_MSGSEND = YES;
				ENABLE_TESTABILITY = YES;
				ENABLE_USER_SCRIPT_SANDBOXING = YES;
				GCC_C_LANGUAGE_STANDARD = gnu17;
				GCC_DYNAMIC_NO_PIC = NO;
				GCC_NO_COMMON_BLOCKS = YES;
				GCC_OPTIMIZATION_LEVEL = 0;
				GCC_PREPROCESSOR_DEFINITIONS = (
					"DEBUG=1",
					"$(inherited)",
				);
				GCC_WARN_64_TO_32_BIT_CONVERSION = YES;
				GCC_WARN_ABOUT_RETURN_TYPE = YES_ERROR;
				GCC_WARN_UNDECLARED_SELECTOR = YES;
				GCC_WARN_UNINITIALIZED_AUTOS = YES_AGGRESSIVE;
				GCC_WARN_UNUSED_FUNCTION = YES;
				GCC_WARN_UNUSED_VARIABLE = YES;
				IPHONEOS_DEPLOYMENT_TARGET = 17.5;
				LOCALIZATION_PREFERS_STRING_CATALOGS = YES;
				MTL_ENABLE_DEBUG_INFO = INCLUDE_SOURCE;
				MTL_FAST_MATH = YES;
				ONLY_ACTIVE_ARCH = YES;
				SDKROOT = iphoneos;
				SWIFT_ACTIVE_COMPILATION_CONDITIONS = "DEBUG $(inherited)";
				SWIFT_OPTIMIZATION_LEVEL = "-Onone";
				SWIFT_VERSION = 6.0;
			};
			name = Debug;
		};
		8B7BCF982D9DFD430089F6D3 /* Release */ = {
			isa = XCBuildConfiguration;
			buildSettings = {
				ALWAYS_SEARCH_USER_PATHS = NO;
				ASSETCATALOG_COMPILER_GENERATE_SWIFT_ASSET_SYMBOL_EXTENSIONS = YES;
				CLANG_ANALYZER_NONNULL = YES;
				CLANG_ANALYZER_NUMBER_OBJECT_CONVERSION = YES_AGGRESSIVE;
				CLANG_CXX_LANGUAGE_STANDARD = "gnu++20";
				CLANG_ENABLE_MODULES = YES;
				CLANG_ENABLE_OBJC_ARC = YES;
				CLANG_ENABLE_OBJC_WEAK = YES;
				CLANG_WARN_BLOCK_CAPTURE_AUTORELEASING = YES;
				CLANG_WARN_BOOL_CONVERSION = YES;
				CLANG_WARN_COMMA = YES;
				CLANG_WARN_CONSTANT_CONVERSION = YES;
				CLANG_WARN_DEPRECATED_OBJC_IMPLEMENTATIONS = YES;
				CLANG_WARN_DIRECT_OBJC_ISA_USAGE = YES_ERROR;
				CLANG_WARN_DOCUMENTATION_COMMENTS = YES;
				CLANG_WARN_EMPTY_BODY = YES;
				CLANG_WARN_ENUM_CONVERSION = YES;
				CLANG_WARN_INFINITE_RECURSION = YES;
				CLANG_WARN_INT_CONVERSION = YES;
				CLANG_WARN_NON_LITERAL_NULL_CONVERSION = YES;
				CLANG_WARN_OBJC_IMPLICIT_RETAIN_SELF = YES;
				CLANG_WARN_OBJC_LITERAL_CONVERSION = YES;
				CLANG_WARN_OBJC_ROOT_CLASS = YES_ERROR;
				CLANG_WARN_QUOTED_INCLUDE_IN_FRAMEWORK_HEADER = YES;
				CLANG_WARN_RANGE_LOOP_ANALYSIS = YES;
				CLANG_WARN_STRICT_PROTOTYPES = YES;
				CLANG_WARN_SUSPICIOUS_MOVE = YES;
				CLANG_WARN_UNGUARDED_AVAILABILITY = YES_AGGRESSIVE;
				CLANG_WARN_UNREACHABLE_CODE = YES;
				CLANG_WARN__DUPLICATE_METHOD_MATCH = YES;
				COPY_PHASE_STRIP = NO;
				DEBUG_INFORMATION_FORMAT = "dwarf-with-dsym";
				ENABLE_NS_ASSERTIONS = NO;
				ENABLE_STRICT_OBJC_MSGSEND = YES;
				ENABLE_USER_SCRIPT_SANDBOXING = YES;
				GCC_C_LANGUAGE_STANDARD = gnu17;
				GCC_NO_COMMON_BLOCKS = YES;
				GCC_WARN_64_TO_32_BIT_CONVERSION = YES;
				GCC_WARN_ABOUT_RETURN_TYPE = YES_ERROR;
				GCC_WARN_UNDECLARED_SELECTOR = YES;
				GCC_WARN_UNINITIALIZED_AUTOS = YES_AGGRESSIVE;
				GCC_WARN_UNUSED_FUNCTION = YES;
				GCC_WARN_UNUSED_VARIABLE = YES;
				IPHONEOS_DEPLOYMENT_TARGET = 17.5;
				LOCALIZATION_PREFERS_STRING_CATALOGS = YES;
				MTL_ENABLE_DEBUG_INFO = NO;
				MTL_FAST_MATH = YES;
				SDKROOT = iphoneos;
				SWIFT_COMPILATION_MODE = wholemodule;
				SWIFT_VERSION = 6.0;
				VALIDATE_PRODUCT = YES;
			};
			name = Release;
		};
		8B7BCF9A2D9DFD430089F6D3 /* Debug */ = {
			isa = XCBuildConfiguration;
			buildSettings = {
				ASSETCATALOG_COMPILER_APPICON_NAME = AppIcon;
				ASSETCATALOG_COMPILER_GLOBAL_ACCENT_COLOR_NAME = AccentColor;
				CODE_SIGN_ENTITLEMENTS = Train/Train.entitlements;
				CODE_SIGN_STYLE = Automatic;
				CURRENT_PROJECT_VERSION = 1;
				DEVELOPMENT_ASSET_PATHS = "\"Train/Preview Content\"";
				DEVELOPMENT_TEAM = 7229M3R3PU;
				ENABLE_PREVIEWS = YES;
				GENERATE_INFOPLIST_FILE = YES;
				INFOPLIST_KEY_CFBundleDisplayName = Deadset;
				INFOPLIST_KEY_LSApplicationCategoryType = "public.app-category.healthcare-fitness";
				INFOPLIST_KEY_NSHealthShareUsageDescription = "This app uses your heart rate, HRV, and sleep data to help you optimize training and recovery.\n";
				INFOPLIST_KEY_NSHealthUpdateUsageDescription = "This app uses your heart rate, HRV, and sleep data to help you optimize training and recovery.";
				INFOPLIST_KEY_UIApplicationSceneManifest_Generation = YES;
				INFOPLIST_KEY_UIApplicationSupportsIndirectInputEvents = YES;
				INFOPLIST_KEY_UILaunchScreen_Generation = YES;
				INFOPLIST_KEY_UISupportedInterfaceOrientations_iPad = "UIInterfaceOrientationPortrait UIInterfaceOrientationPortraitUpsideDown UIInterfaceOrientationLandscapeLeft UIInterfaceOrientationLandscapeRight";
				INFOPLIST_KEY_UISupportedInterfaceOrientations_iPhone = "UIInterfaceOrientationPortrait UIInterfaceOrientationLandscapeLeft UIInterfaceOrientationLandscapeRight";
				LD_RUNPATH_SEARCH_PATHS = (
					"$(inherited)",
					"@executable_path/Frameworks",
				);
				MARKETING_VERSION = 1.0;
				"OTHER_LDFLAGS[arch=*]" = "";
				PRODUCT_BUNDLE_IDENTIFIER = seanmaloney.Train;
				PRODUCT_NAME = "$(TARGET_NAME)";
				SWIFT_EMIT_LOC_STRINGS = YES;
				SWIFT_VERSION = 6.0;
				TARGETED_DEVICE_FAMILY = "1,2";
			};
			name = Debug;
		};
		8B7BCF9B2D9DFD430089F6D3 /* Release */ = {
			isa = XCBuildConfiguration;
			buildSettings = {
				ASSETCATALOG_COMPILER_APPICON_NAME = AppIcon;
				ASSETCATALOG_COMPILER_GLOBAL_ACCENT_COLOR_NAME = AccentColor;
				CODE_SIGN_ENTITLEMENTS = Train/Train.entitlements;
				CODE_SIGN_STYLE = Automatic;
				CURRENT_PROJECT_VERSION = 1;
				DEVELOPMENT_ASSET_PATHS = "\"Train/Preview Content\"";
				DEVELOPMENT_TEAM = 7229M3R3PU;
				ENABLE_PREVIEWS = YES;
				GENERATE_INFOPLIST_FILE = YES;
				INFOPLIST_KEY_CFBundleDisplayName = Deadset;
				INFOPLIST_KEY_LSApplicationCategoryType = "public.app-category.healthcare-fitness";
				INFOPLIST_KEY_NSHealthShareUsageDescription = "This app uses your heart rate, HRV, and sleep data to help you optimize training and recovery.\n";
				INFOPLIST_KEY_NSHealthUpdateUsageDescription = "This app uses your heart rate, HRV, and sleep data to help you optimize training and recovery.";
				INFOPLIST_KEY_UIApplicationSceneManifest_Generation = YES;
				INFOPLIST_KEY_UIApplicationSupportsIndirectInputEvents = YES;
				INFOPLIST_KEY_UILaunchScreen_Generation = YES;
				INFOPLIST_KEY_UISupportedInterfaceOrientations_iPad = "UIInterfaceOrientationPortrait UIInterfaceOrientationPortraitUpsideDown UIInterfaceOrientationLandscapeLeft UIInterfaceOrientationLandscapeRight";
				INFOPLIST_KEY_UISupportedInterfaceOrientations_iPhone = "UIInterfaceOrientationPortrait UIInterfaceOrientationLandscapeLeft UIInterfaceOrientationLandscapeRight";
				LD_RUNPATH_SEARCH_PATHS = (
					"$(inherited)",
					"@executable_path/Frameworks",
				);
				MARKETING_VERSION = 1.0;
				OTHER_LDFLAGS = "";
				PRODUCT_BUNDLE_IDENTIFIER = seanmaloney.Train;
				PRODUCT_NAME = "$(TARGET_NAME)";
				SWIFT_EMIT_LOC_STRINGS = YES;
				SWIFT_VERSION = 6.0;
				TARGETED_DEVICE_FAMILY = "1,2";
			};
			name = Release;
		};
/* End XCBuildConfiguration section */

/* Begin XCConfigurationList section */
		8B7A5A302DAA783D00404F43 /* Build configuration list for PBXNativeTarget "TrainTests" */ = {
			isa = XCConfigurationList;
			buildConfigurations = (
				8B7A5A312DAA783D00404F43 /* Debug */,
				8B7A5A322DAA783D00404F43 /* Release */,
			);
			defaultConfigurationIsVisible = 0;
			defaultConfigurationName = Release;
		};
		8B7BCF862D9DFD3F0089F6D3 /* Build configuration list for PBXProject "Train" */ = {
			isa = XCConfigurationList;
			buildConfigurations = (
				8B7BCF972D9DFD430089F6D3 /* Debug */,
				8B7BCF982D9DFD430089F6D3 /* Release */,
			);
			defaultConfigurationIsVisible = 0;
			defaultConfigurationName = Release;
		};
		8B7BCF992D9DFD430089F6D3 /* Build configuration list for PBXNativeTarget "Train" */ = {
			isa = XCConfigurationList;
			buildConfigurations = (
				8B7BCF9A2D9DFD430089F6D3 /* Debug */,
				8B7BCF9B2D9DFD430089F6D3 /* Release */,
			);
			defaultConfigurationIsVisible = 0;
			defaultConfigurationName = Release;
		};
/* End XCConfigurationList section */

/* Begin XCRemoteSwiftPackageReference section */
		8B56F2392DE006A600132675 /* XCRemoteSwiftPackageReference "firebase-ios-sdk" */ = {
			isa = XCRemoteSwiftPackageReference;
			repositoryURL = "https://github.com/firebase/firebase-ios-sdk.git";
			requirement = {
				kind = upToNextMajorVersion;
				minimumVersion = 11.13.0;
			};
		};
/* End XCRemoteSwiftPackageReference section */

/* Begin XCSwiftPackageProductDependency section */
		8B56F23A2DE006A600132675 /* FirebaseAuth */ = {
			isa = XCSwiftPackageProductDependency;
			package = 8B56F2392DE006A600132675 /* XCRemoteSwiftPackageReference "firebase-ios-sdk" */;
			productName = FirebaseAuth;
		};
		8B56F23C2DE006A600132675 /* FirebaseFirestore */ = {
			isa = XCSwiftPackageProductDependency;
			package = 8B56F2392DE006A600132675 /* XCRemoteSwiftPackageReference "firebase-ios-sdk" */;
			productName = FirebaseFirestore;
		};
/* End XCSwiftPackageProductDependency section */
	};
	rootObject = 8B7BCF832D9DFD3F0089F6D3 /* Project object */;
}
